// !$*UTF8*$!
{
	archiveVersion = 1;
	classes = {
	};
	objectVersion = 46;
	objects = {

/* Begin PBXBuildFile section */
		528B3BD01BA13FB12BBF524E /* Pods_MobliePlayer.framework in Frameworks */ = {isa = PBXBuildFile; fileRef = 5FCF664A3A4C24F8097489F0 /* Pods_MobliePlayer.framework */; };
		F3067D4F1E94CB390017CA13 /* main.m in Sources */ = {isa = PBXBuildFile; fileRef = F3067D4E1E94CB390017CA13 /* main.m */; };
		F3067D521E94CB390017CA13 /* AppDelegate.m in Sources */ = {isa = PBXBuildFile; fileRef = F3067D511E94CB390017CA13 /* AppDelegate.m */; };
		F3067D581E94CB390017CA13 /* Main.storyboard in Resources */ = {isa = PBXBuildFile; fileRef = F3067D561E94CB390017CA13 /* Main.storyboard */; };
		F3067D5A1E94CB390017CA13 /* Assets.xcassets in Resources */ = {isa = PBXBuildFile; fileRef = F3067D591E94CB390017CA13 /* Assets.xcassets */; };
		F3067D5D1E94CB390017CA13 /* LaunchScreen.storyboard in Resources */ = {isa = PBXBuildFile; fileRef = F3067D5B1E94CB390017CA13 /* LaunchScreen.storyboard */; };
		F3067D651E94CB610017CA13 /* Podfile in Resources */ = {isa = PBXBuildFile; fileRef = F3067D641E94CB610017CA13 /* Podfile */; };
		F3067D671E94CF430017CA13 /* libz.tbd in Frameworks */ = {isa = PBXBuildFile; fileRef = F3067D661E94CF430017CA13 /* libz.tbd */; };
		F3067D691E94CF4B0017CA13 /* libbz2.tbd in Frameworks */ = {isa = PBXBuildFile; fileRef = F3067D681E94CF4B0017CA13 /* libbz2.tbd */; };
		F3067D6B1E94CF540017CA13 /* libiconv.tbd in Frameworks */ = {isa = PBXBuildFile; fileRef = F3067D6A1E94CF540017CA13 /* libiconv.tbd */; };
		F3067D6D1E94CF5D0017CA13 /* libstdc++.6.0.9.tbd in Frameworks */ = {isa = PBXBuildFile; fileRef = F3067D6C1E94CF5D0017CA13 /* libstdc++.6.0.9.tbd */; };
		F308CD3C1ECE98270086C5A6 /* UIAlertController+ZFPlayerRotation.m in Sources */ = {isa = PBXBuildFile; fileRef = F308CD1F1ECE98270086C5A6 /* UIAlertController+ZFPlayerRotation.m */; };
		F308CD3D1ECE98270086C5A6 /* UIButton+MPButton.m in Sources */ = {isa = PBXBuildFile; fileRef = F308CD211ECE98270086C5A6 /* UIButton+MPButton.m */; };
		F308CD3E1ECE98270086C5A6 /* UINavigationController+ZFPlayerRotation.m in Sources */ = {isa = PBXBuildFile; fileRef = F308CD231ECE98270086C5A6 /* UINavigationController+ZFPlayerRotation.m */; };
		F308CD3F1ECE98270086C5A6 /* UITabBarController+ZFPlayerRotation.m in Sources */ = {isa = PBXBuildFile; fileRef = F308CD251ECE98270086C5A6 /* UITabBarController+ZFPlayerRotation.m */; };
		F308CD401ECE98270086C5A6 /* UIView+CLView.m in Sources */ = {isa = PBXBuildFile; fileRef = F308CD271ECE98270086C5A6 /* UIView+CLView.m */; };
		F308CD411ECE98270086C5A6 /* UIViewController+ZFPlayerRotation.m in Sources */ = {isa = PBXBuildFile; fileRef = F308CD291ECE98270086C5A6 /* UIViewController+ZFPlayerRotation.m */; };
		F308CD421ECE98270086C5A6 /* MPBirghtness.m in Sources */ = {isa = PBXBuildFile; fileRef = F308CD2C1ECE98270086C5A6 /* MPBirghtness.m */; };
		F308CD431ECE98270086C5A6 /* MPControlView.m in Sources */ = {isa = PBXBuildFile; fileRef = F308CD2E1ECE98270086C5A6 /* MPControlView.m */; };
		F308CD441ECE98270086C5A6 /* MPFastView.m in Sources */ = {isa = PBXBuildFile; fileRef = F308CD301ECE98270086C5A6 /* MPFastView.m */; };
		F308CD451ECE98270086C5A6 /* MPHUDView.m in Sources */ = {isa = PBXBuildFile; fileRef = F308CD321ECE98270086C5A6 /* MPHUDView.m */; };
		F308CD461ECE98270086C5A6 /* MPPanGestureRecognizer.m in Sources */ = {isa = PBXBuildFile; fileRef = F308CD341ECE98270086C5A6 /* MPPanGestureRecognizer.m */; };
		F308CD471ECE98270086C5A6 /* MPPlayerManager.m in Sources */ = {isa = PBXBuildFile; fileRef = F308CD371ECE98270086C5A6 /* MPPlayerManager.m */; };
		F308CD481ECE98270086C5A6 /* MPSlider.m in Sources */ = {isa = PBXBuildFile; fileRef = F308CD391ECE98270086C5A6 /* MPSlider.m */; };
		F308CD531ECE98D80086C5A6 /* MPFloderViewController.m in Sources */ = {isa = PBXBuildFile; fileRef = F308CD521ECE98D80086C5A6 /* MPFloderViewController.m */; };
		F308CD561ECE98E00086C5A6 /* MPHTTPViewController.m in Sources */ = {isa = PBXBuildFile; fileRef = F308CD551ECE98E00086C5A6 /* MPHTTPViewController.m */; };
		F308CD5D1ECE9BAD0086C5A6 /* icon_wifi@2x.png in Resources */ = {isa = PBXBuildFile; fileRef = F308CD5B1ECE9BAD0086C5A6 /* icon_wifi@2x.png */; };
		F308CD5E1ECE9BAD0086C5A6 /* icon_wifi_offline@2x.png in Resources */ = {isa = PBXBuildFile; fileRef = F308CD5C1ECE9BAD0086C5A6 /* icon_wifi_offline@2x.png */; };
		F308CD6F1ECE9C2A0086C5A6 /* MPTabBarViewController.m in Sources */ = {isa = PBXBuildFile; fileRef = F308CD661ECE9C2A0086C5A6 /* MPTabBarViewController.m */; };
		F308CD751ECE9F160086C5A6 /* UIViewController+YYAdd.m in Sources */ = {isa = PBXBuildFile; fileRef = F308CD741ECE9F160086C5A6 /* UIViewController+YYAdd.m */; };
		F308CD781ECEB9860086C5A6 /* Nav_back@2x.png in Resources */ = {isa = PBXBuildFile; fileRef = F308CD761ECEB9860086C5A6 /* Nav_back@2x.png */; };
		F308CD791ECEB9860086C5A6 /* Nav_back@3x.png in Resources */ = {isa = PBXBuildFile; fileRef = F308CD771ECEB9860086C5A6 /* Nav_back@3x.png */; };
		F30ACB8E1ED005ED001427BE /* UIColor+CLColor.m in Sources */ = {isa = PBXBuildFile; fileRef = F30ACB8D1ED005ED001427BE /* UIColor+CLColor.m */; };
		F30ACB921ED00748001427BE /* MPCopyableLabel.m in Sources */ = {isa = PBXBuildFile; fileRef = F30ACB911ED00748001427BE /* MPCopyableLabel.m */; };
		F30ACB951ED024CC001427BE /* MPPlayerController.m in Sources */ = {isa = PBXBuildFile; fileRef = F30ACB941ED024CC001427BE /* MPPlayerController.m */; };
		F39575A21E971F820046596C /* 456.flv in Resources */ = {isa = PBXBuildFile; fileRef = F3FB97E01E9528E700C51629 /* 456.flv */; };
		F39AD9901EADF36200E30DBB /* ViewController.m in Sources */ = {isa = PBXBuildFile; fileRef = F39AD98C1EADF36200E30DBB /* ViewController.m */; };
		F39AD9C01EADF3CD00E30DBB /* back_full.png in Resources */ = {isa = PBXBuildFile; fileRef = F39AD9921EADF3CD00E30DBB /* back_full.png */; };
		F39AD9C11EADF3CD00E30DBB /* back_full@2x.png in Resources */ = {isa = PBXBuildFile; fileRef = F39AD9931EADF3CD00E30DBB /* back_full@2x.png */; };
		F39AD9C21EADF3CD00E30DBB /* back_full@3x.png in Resources */ = {isa = PBXBuildFile; fileRef = F39AD9941EADF3CD00E30DBB /* back_full@3x.png */; };
		F39AD9C31EADF3CD00E30DBB /* bottom_shadow.png in Resources */ = {isa = PBXBuildFile; fileRef = F39AD9951EADF3CD00E30DBB /* bottom_shadow.png */; };
		F39AD9C41EADF3CD00E30DBB /* brightness@2x.png in Resources */ = {isa = PBXBuildFile; fileRef = F39AD9961EADF3CD00E30DBB /* brightness@2x.png */; };
		F39AD9C51EADF3CD00E30DBB /* close.png in Resources */ = {isa = PBXBuildFile; fileRef = F39AD9971EADF3CD00E30DBB /* close.png */; };
		F39AD9C61EADF3CD00E30DBB /* close@2x.png in Resources */ = {isa = PBXBuildFile; fileRef = F39AD9981EADF3CD00E30DBB /* close@2x.png */; };
		F39AD9C71EADF3CD00E30DBB /* close@3x.png in Resources */ = {isa = PBXBuildFile; fileRef = F39AD9991EADF3CD00E30DBB /* close@3x.png */; };
		F39AD9C81EADF3CD00E30DBB /* download@2x.png in Resources */ = {isa = PBXBuildFile; fileRef = F39AD99A1EADF3CD00E30DBB /* download@2x.png */; };
		F39AD9C91EADF3CD00E30DBB /* download@3x.png in Resources */ = {isa = PBXBuildFile; fileRef = F39AD99B1EADF3CD00E30DBB /* download@3x.png */; };
		F39AD9CA1EADF3CD00E30DBB /* fast_backward@2x.png in Resources */ = {isa = PBXBuildFile; fileRef = F39AD99C1EADF3CD00E30DBB /* fast_backward@2x.png */; };
		F39AD9CB1EADF3CD00E30DBB /* fast_backward@3x.png in Resources */ = {isa = PBXBuildFile; fileRef = F39AD99D1EADF3CD00E30DBB /* fast_backward@3x.png */; };
		F39AD9CC1EADF3CD00E30DBB /* fast_forward@2x.png in Resources */ = {isa = PBXBuildFile; fileRef = F39AD99E1EADF3CD00E30DBB /* fast_forward@2x.png */; };
		F39AD9CD1EADF3CD00E30DBB /* fast_forward@3x.png in Resources */ = {isa = PBXBuildFile; fileRef = F39AD99F1EADF3CD00E30DBB /* fast_forward@3x.png */; };
		F39AD9CE1EADF3CD00E30DBB /* fullscreen.png in Resources */ = {isa = PBXBuildFile; fileRef = F39AD9A01EADF3CD00E30DBB /* fullscreen.png */; };
		F39AD9CF1EADF3CD00E30DBB /* fullscreen@2x.png in Resources */ = {isa = PBXBuildFile; fileRef = F39AD9A11EADF3CD00E30DBB /* fullscreen@2x.png */; };
		F39AD9D01EADF3CD00E30DBB /* fullscreen@3x.png in Resources */ = {isa = PBXBuildFile; fileRef = F39AD9A21EADF3CD00E30DBB /* fullscreen@3x.png */; };
		F39AD9D11EADF3CD00E30DBB /* loading_bgView.jpg in Resources */ = {isa = PBXBuildFile; fileRef = F39AD9A31EADF3CD00E30DBB /* loading_bgView.jpg */; };
		F39AD9D21EADF3CD00E30DBB /* lock-nor.png in Resources */ = {isa = PBXBuildFile; fileRef = F39AD9A41EADF3CD00E30DBB /* lock-nor.png */; };
		F39AD9D31EADF3CD00E30DBB /* lock-nor@2x.png in Resources */ = {isa = PBXBuildFile; fileRef = F39AD9A51EADF3CD00E30DBB /* lock-nor@2x.png */; };
		F39AD9D41EADF3CD00E30DBB /* lock-nor@3x.png in Resources */ = {isa = PBXBuildFile; fileRef = F39AD9A61EADF3CD00E30DBB /* lock-nor@3x.png */; };
		F39AD9D51EADF3CD00E30DBB /* management_mask@2x.png in Resources */ = {isa = PBXBuildFile; fileRef = F39AD9A71EADF3CD00E30DBB /* management_mask@2x.png */; };
		F39AD9D61EADF3CD00E30DBB /* mute@2x.png in Resources */ = {isa = PBXBuildFile; fileRef = F39AD9A81EADF3CD00E30DBB /* mute@2x.png */; };
		F39AD9D71EADF3CD00E30DBB /* not_download@2x.png in Resources */ = {isa = PBXBuildFile; fileRef = F39AD9A91EADF3CD00E30DBB /* not_download@2x.png */; };
		F39AD9D81EADF3CD00E30DBB /* not_download@3x.png in Resources */ = {isa = PBXBuildFile; fileRef = F39AD9AA1EADF3CD00E30DBB /* not_download@3x.png */; };
		F39AD9D91EADF3CD00E30DBB /* pause.png in Resources */ = {isa = PBXBuildFile; fileRef = F39AD9AB1EADF3CD00E30DBB /* pause.png */; };
		F39AD9DA1EADF3CD00E30DBB /* pause@2x.png in Resources */ = {isa = PBXBuildFile; fileRef = F39AD9AC1EADF3CD00E30DBB /* pause@2x.png */; };
		F39AD9DB1EADF3CD00E30DBB /* pause@3x.png in Resources */ = {isa = PBXBuildFile; fileRef = F39AD9AD1EADF3CD00E30DBB /* pause@3x.png */; };
		F39AD9DC1EADF3CD00E30DBB /* play.png in Resources */ = {isa = PBXBuildFile; fileRef = F39AD9AE1EADF3CD00E30DBB /* play.png */; };
		F39AD9DD1EADF3CD00E30DBB /* play@2x.png in Resources */ = {isa = PBXBuildFile; fileRef = F39AD9AF1EADF3CD00E30DBB /* play@2x.png */; };
		F39AD9DE1EADF3CD00E30DBB /* play@3x.png in Resources */ = {isa = PBXBuildFile; fileRef = F39AD9B01EADF3CD00E30DBB /* play@3x.png */; };
		F39AD9DF1EADF3CD00E30DBB /* play_btn@2x.png in Resources */ = {isa = PBXBuildFile; fileRef = F39AD9B11EADF3CD00E30DBB /* play_btn@2x.png */; };
		F39AD9E01EADF3CD00E30DBB /* repeat_video.png in Resources */ = {isa = PBXBuildFile; fileRef = F39AD9B21EADF3CD00E30DBB /* repeat_video.png */; };
		F39AD9E11EADF3CD00E30DBB /* repeat_video@2x.png in Resources */ = {isa = PBXBuildFile; fileRef = F39AD9B31EADF3CD00E30DBB /* repeat_video@2x.png */; };
		F39AD9E21EADF3CD00E30DBB /* repeat_video@3x.png in Resources */ = {isa = PBXBuildFile; fileRef = F39AD9B41EADF3CD00E30DBB /* repeat_video@3x.png */; };
		F39AD9E31EADF3CD00E30DBB /* shrinkscreen.png in Resources */ = {isa = PBXBuildFile; fileRef = F39AD9B51EADF3CD00E30DBB /* shrinkscreen.png */; };
		F39AD9E41EADF3CD00E30DBB /* shrinkscreen@2x.png in Resources */ = {isa = PBXBuildFile; fileRef = F39AD9B61EADF3CD00E30DBB /* shrinkscreen@2x.png */; };
		F39AD9E51EADF3CD00E30DBB /* shrinkscreen@3x.png in Resources */ = {isa = PBXBuildFile; fileRef = F39AD9B71EADF3CD00E30DBB /* shrinkscreen@3x.png */; };
		F39AD9E61EADF3CD00E30DBB /* slider.png in Resources */ = {isa = PBXBuildFile; fileRef = F39AD9B81EADF3CD00E30DBB /* slider.png */; };
		F39AD9E71EADF3CD00E30DBB /* slider@2x.png in Resources */ = {isa = PBXBuildFile; fileRef = F39AD9B91EADF3CD00E30DBB /* slider@2x.png */; };
		F39AD9E81EADF3CD00E30DBB /* slider@3x.png in Resources */ = {isa = PBXBuildFile; fileRef = F39AD9BA1EADF3CD00E30DBB /* slider@3x.png */; };
		F39AD9E91EADF3CD00E30DBB /* top_shadow.png in Resources */ = {isa = PBXBuildFile; fileRef = F39AD9BB1EADF3CD00E30DBB /* top_shadow.png */; };
		F39AD9EA1EADF3CD00E30DBB /* unlock-nor.png in Resources */ = {isa = PBXBuildFile; fileRef = F39AD9BC1EADF3CD00E30DBB /* unlock-nor.png */; };
		F39AD9EB1EADF3CD00E30DBB /* unlock-nor@2x.png in Resources */ = {isa = PBXBuildFile; fileRef = F39AD9BD1EADF3CD00E30DBB /* unlock-nor@2x.png */; };
		F39AD9EC1EADF3CD00E30DBB /* unlock-nor@3x.png in Resources */ = {isa = PBXBuildFile; fileRef = F39AD9BE1EADF3CD00E30DBB /* unlock-nor@3x.png */; };
		F39AD9ED1EADF3CD00E30DBB /* volume@2x.png in Resources */ = {isa = PBXBuildFile; fileRef = F39AD9BF1EADF3CD00E30DBB /* volume@2x.png */; };
		F39AD9EF1EADF3D900E30DBB /* Folder@2x.png in Resources */ = {isa = PBXBuildFile; fileRef = F39AD9EE1EADF3D900E30DBB /* Folder@2x.png */; };
/* End PBXBuildFile section */

/* Begin PBXFileReference section */
		5FCF664A3A4C24F8097489F0 /* Pods_MobliePlayer.framework */ = {isa = PBXFileReference; explicitFileType = wrapper.framework; includeInIndex = 0; path = Pods_MobliePlayer.framework; sourceTree = BUILT_PRODUCTS_DIR; };
		9B83535BAC1EC0F7807D5978 /* Pods-MobliePlayer.release.xcconfig */ = {isa = PBXFileReference; includeInIndex = 1; lastKnownFileType = text.xcconfig; name = "Pods-MobliePlayer.release.xcconfig"; path = "Pods/Target Support Files/Pods-MobliePlayer/Pods-MobliePlayer.release.xcconfig"; sourceTree = "<group>"; };
		AFA625441982A5489E1DCAAB /* Pods-MobliePlayer.debug.xcconfig */ = {isa = PBXFileReference; includeInIndex = 1; lastKnownFileType = text.xcconfig; name = "Pods-MobliePlayer.debug.xcconfig"; path = "Pods/Target Support Files/Pods-MobliePlayer/Pods-MobliePlayer.debug.xcconfig"; sourceTree = "<group>"; };
		F3067D4A1E94CB390017CA13 /* MobliePlayer.app */ = {isa = PBXFileReference; explicitFileType = wrapper.application; includeInIndex = 0; path = MobliePlayer.app; sourceTree = BUILT_PRODUCTS_DIR; };
		F3067D4E1E94CB390017CA13 /* main.m */ = {isa = PBXFileReference; lastKnownFileType = sourcecode.c.objc; path = main.m; sourceTree = "<group>"; };
		F3067D501E94CB390017CA13 /* AppDelegate.h */ = {isa = PBXFileReference; lastKnownFileType = sourcecode.c.h; path = AppDelegate.h; sourceTree = "<group>"; };
		F3067D511E94CB390017CA13 /* AppDelegate.m */ = {isa = PBXFileReference; lastKnownFileType = sourcecode.c.objc; path = AppDelegate.m; sourceTree = "<group>"; };
		F3067D571E94CB390017CA13 /* Base */ = {isa = PBXFileReference; lastKnownFileType = file.storyboard; name = Base; path = Base.lproj/Main.storyboard; sourceTree = "<group>"; };
		F3067D591E94CB390017CA13 /* Assets.xcassets */ = {isa = PBXFileReference; lastKnownFileType = folder.assetcatalog; path = Assets.xcassets; sourceTree = "<group>"; };
		F3067D5C1E94CB390017CA13 /* Base */ = {isa = PBXFileReference; lastKnownFileType = file.storyboard; name = Base; path = Base.lproj/LaunchScreen.storyboard; sourceTree = "<group>"; };
		F3067D5E1E94CB390017CA13 /* Info.plist */ = {isa = PBXFileReference; lastKnownFileType = text.plist.xml; path = Info.plist; sourceTree = "<group>"; };
		F3067D641E94CB610017CA13 /* Podfile */ = {isa = PBXFileReference; fileEncoding = 4; lastKnownFileType = text; path = Podfile; sourceTree = "<group>"; xcLanguageSpecificationIdentifier = xcode.lang.ruby; };
		F3067D661E94CF430017CA13 /* libz.tbd */ = {isa = PBXFileReference; lastKnownFileType = "sourcecode.text-based-dylib-definition"; name = libz.tbd; path = usr/lib/libz.tbd; sourceTree = SDKROOT; };
		F3067D681E94CF4B0017CA13 /* libbz2.tbd */ = {isa = PBXFileReference; lastKnownFileType = "sourcecode.text-based-dylib-definition"; name = libbz2.tbd; path = usr/lib/libbz2.tbd; sourceTree = SDKROOT; };
		F3067D6A1E94CF540017CA13 /* libiconv.tbd */ = {isa = PBXFileReference; lastKnownFileType = "sourcecode.text-based-dylib-definition"; name = libiconv.tbd; path = usr/lib/libiconv.tbd; sourceTree = SDKROOT; };
		F3067D6C1E94CF5D0017CA13 /* libstdc++.6.0.9.tbd */ = {isa = PBXFileReference; lastKnownFileType = "sourcecode.text-based-dylib-definition"; name = "libstdc++.6.0.9.tbd"; path = "usr/lib/libstdc++.6.0.9.tbd"; sourceTree = SDKROOT; };
		F308CD1E1ECE98270086C5A6 /* UIAlertController+ZFPlayerRotation.h */ = {isa = PBXFileReference; fileEncoding = 4; lastKnownFileType = sourcecode.c.h; path = "UIAlertController+ZFPlayerRotation.h"; sourceTree = "<group>"; };
		F308CD1F1ECE98270086C5A6 /* UIAlertController+ZFPlayerRotation.m */ = {isa = PBXFileReference; fileEncoding = 4; lastKnownFileType = sourcecode.c.objc; path = "UIAlertController+ZFPlayerRotation.m"; sourceTree = "<group>"; };
		F308CD201ECE98270086C5A6 /* UIButton+MPButton.h */ = {isa = PBXFileReference; fileEncoding = 4; lastKnownFileType = sourcecode.c.h; path = "UIButton+MPButton.h"; sourceTree = "<group>"; };
		F308CD211ECE98270086C5A6 /* UIButton+MPButton.m */ = {isa = PBXFileReference; fileEncoding = 4; lastKnownFileType = sourcecode.c.objc; path = "UIButton+MPButton.m"; sourceTree = "<group>"; };
		F308CD221ECE98270086C5A6 /* UINavigationController+ZFPlayerRotation.h */ = {isa = PBXFileReference; fileEncoding = 4; lastKnownFileType = sourcecode.c.h; path = "UINavigationController+ZFPlayerRotation.h"; sourceTree = "<group>"; };
		F308CD231ECE98270086C5A6 /* UINavigationController+ZFPlayerRotation.m */ = {isa = PBXFileReference; fileEncoding = 4; lastKnownFileType = sourcecode.c.objc; path = "UINavigationController+ZFPlayerRotation.m"; sourceTree = "<group>"; };
		F308CD241ECE98270086C5A6 /* UITabBarController+ZFPlayerRotation.h */ = {isa = PBXFileReference; fileEncoding = 4; lastKnownFileType = sourcecode.c.h; path = "UITabBarController+ZFPlayerRotation.h"; sourceTree = "<group>"; };
		F308CD251ECE98270086C5A6 /* UITabBarController+ZFPlayerRotation.m */ = {isa = PBXFileReference; fileEncoding = 4; lastKnownFileType = sourcecode.c.objc; path = "UITabBarController+ZFPlayerRotation.m"; sourceTree = "<group>"; };
		F308CD261ECE98270086C5A6 /* UIView+CLView.h */ = {isa = PBXFileReference; fileEncoding = 4; lastKnownFileType = sourcecode.c.h; path = "UIView+CLView.h"; sourceTree = "<group>"; };
		F308CD271ECE98270086C5A6 /* UIView+CLView.m */ = {isa = PBXFileReference; fileEncoding = 4; lastKnownFileType = sourcecode.c.objc; path = "UIView+CLView.m"; sourceTree = "<group>"; };
		F308CD281ECE98270086C5A6 /* UIViewController+ZFPlayerRotation.h */ = {isa = PBXFileReference; fileEncoding = 4; lastKnownFileType = sourcecode.c.h; path = "UIViewController+ZFPlayerRotation.h"; sourceTree = "<group>"; };
		F308CD291ECE98270086C5A6 /* UIViewController+ZFPlayerRotation.m */ = {isa = PBXFileReference; fileEncoding = 4; lastKnownFileType = sourcecode.c.objc; path = "UIViewController+ZFPlayerRotation.m"; sourceTree = "<group>"; };
		F308CD2B1ECE98270086C5A6 /* MPBirghtness.h */ = {isa = PBXFileReference; fileEncoding = 4; lastKnownFileType = sourcecode.c.h; path = MPBirghtness.h; sourceTree = "<group>"; };
		F308CD2C1ECE98270086C5A6 /* MPBirghtness.m */ = {isa = PBXFileReference; fileEncoding = 4; lastKnownFileType = sourcecode.c.objc; path = MPBirghtness.m; sourceTree = "<group>"; };
		F308CD2D1ECE98270086C5A6 /* MPControlView.h */ = {isa = PBXFileReference; fileEncoding = 4; lastKnownFileType = sourcecode.c.h; path = MPControlView.h; sourceTree = "<group>"; };
		F308CD2E1ECE98270086C5A6 /* MPControlView.m */ = {isa = PBXFileReference; fileEncoding = 4; lastKnownFileType = sourcecode.c.objc; path = MPControlView.m; sourceTree = "<group>"; };
		F308CD2F1ECE98270086C5A6 /* MPFastView.h */ = {isa = PBXFileReference; fileEncoding = 4; lastKnownFileType = sourcecode.c.h; path = MPFastView.h; sourceTree = "<group>"; };
		F308CD301ECE98270086C5A6 /* MPFastView.m */ = {isa = PBXFileReference; fileEncoding = 4; lastKnownFileType = sourcecode.c.objc; path = MPFastView.m; sourceTree = "<group>"; };
		F308CD311ECE98270086C5A6 /* MPHUDView.h */ = {isa = PBXFileReference; fileEncoding = 4; lastKnownFileType = sourcecode.c.h; path = MPHUDView.h; sourceTree = "<group>"; };
		F308CD321ECE98270086C5A6 /* MPHUDView.m */ = {isa = PBXFileReference; fileEncoding = 4; lastKnownFileType = sourcecode.c.objc; path = MPHUDView.m; sourceTree = "<group>"; };
		F308CD331ECE98270086C5A6 /* MPPanGestureRecognizer.h */ = {isa = PBXFileReference; fileEncoding = 4; lastKnownFileType = sourcecode.c.h; path = MPPanGestureRecognizer.h; sourceTree = "<group>"; };
		F308CD341ECE98270086C5A6 /* MPPanGestureRecognizer.m */ = {isa = PBXFileReference; fileEncoding = 4; lastKnownFileType = sourcecode.c.objc; path = MPPanGestureRecognizer.m; sourceTree = "<group>"; };
		F308CD351ECE98270086C5A6 /* MPPlayer.h */ = {isa = PBXFileReference; fileEncoding = 4; lastKnownFileType = sourcecode.c.h; path = MPPlayer.h; sourceTree = "<group>"; };
		F308CD361ECE98270086C5A6 /* MPPlayerManager.h */ = {isa = PBXFileReference; fileEncoding = 4; lastKnownFileType = sourcecode.c.h; path = MPPlayerManager.h; sourceTree = "<group>"; };
		F308CD371ECE98270086C5A6 /* MPPlayerManager.m */ = {isa = PBXFileReference; fileEncoding = 4; lastKnownFileType = sourcecode.c.objc; path = MPPlayerManager.m; sourceTree = "<group>"; };
		F308CD381ECE98270086C5A6 /* MPSlider.h */ = {isa = PBXFileReference; fileEncoding = 4; lastKnownFileType = sourcecode.c.h; path = MPSlider.h; sourceTree = "<group>"; };
		F308CD391ECE98270086C5A6 /* MPSlider.m */ = {isa = PBXFileReference; fileEncoding = 4; lastKnownFileType = sourcecode.c.objc; path = MPSlider.m; sourceTree = "<group>"; };
		F308CD511ECE98D80086C5A6 /* MPFloderViewController.h */ = {isa = PBXFileReference; fileEncoding = 4; lastKnownFileType = sourcecode.c.h; path = MPFloderViewController.h; sourceTree = "<group>"; };
		F308CD521ECE98D80086C5A6 /* MPFloderViewController.m */ = {isa = PBXFileReference; fileEncoding = 4; lastKnownFileType = sourcecode.c.objc; path = MPFloderViewController.m; sourceTree = "<group>"; };
		F308CD541ECE98E00086C5A6 /* MPHTTPViewController.h */ = {isa = PBXFileReference; fileEncoding = 4; lastKnownFileType = sourcecode.c.h; path = MPHTTPViewController.h; sourceTree = "<group>"; };
		F308CD551ECE98E00086C5A6 /* MPHTTPViewController.m */ = {isa = PBXFileReference; fileEncoding = 4; lastKnownFileType = sourcecode.c.objc; path = MPHTTPViewController.m; sourceTree = "<group>"; };
		F308CD5B1ECE9BAD0086C5A6 /* icon_wifi@2x.png */ = {isa = PBXFileReference; lastKnownFileType = image.png; path = "icon_wifi@2x.png"; sourceTree = "<group>"; };
		F308CD5C1ECE9BAD0086C5A6 /* icon_wifi_offline@2x.png */ = {isa = PBXFileReference; lastKnownFileType = image.png; path = "icon_wifi_offline@2x.png"; sourceTree = "<group>"; };
		F308CD651ECE9C2A0086C5A6 /* MPTabBarViewController.h */ = {isa = PBXFileReference; fileEncoding = 4; lastKnownFileType = sourcecode.c.h; path = MPTabBarViewController.h; sourceTree = "<group>"; };
		F308CD661ECE9C2A0086C5A6 /* MPTabBarViewController.m */ = {isa = PBXFileReference; fileEncoding = 4; lastKnownFileType = sourcecode.c.objc; path = MPTabBarViewController.m; sourceTree = "<group>"; };
		F308CD731ECE9F160086C5A6 /* UIViewController+YYAdd.h */ = {isa = PBXFileReference; fileEncoding = 4; lastKnownFileType = sourcecode.c.h; path = "UIViewController+YYAdd.h"; sourceTree = "<group>"; };
		F308CD741ECE9F160086C5A6 /* UIViewController+YYAdd.m */ = {isa = PBXFileReference; fileEncoding = 4; lastKnownFileType = sourcecode.c.objc; path = "UIViewController+YYAdd.m"; sourceTree = "<group>"; };
		F308CD761ECEB9860086C5A6 /* Nav_back@2x.png */ = {isa = PBXFileReference; lastKnownFileType = image.png; path = "Nav_back@2x.png"; sourceTree = "<group>"; };
		F308CD771ECEB9860086C5A6 /* Nav_back@3x.png */ = {isa = PBXFileReference; lastKnownFileType = image.png; path = "Nav_back@3x.png"; sourceTree = "<group>"; };
		F30ACB8C1ED005ED001427BE /* UIColor+CLColor.h */ = {isa = PBXFileReference; fileEncoding = 4; lastKnownFileType = sourcecode.c.h; path = "UIColor+CLColor.h"; sourceTree = "<group>"; };
		F30ACB8D1ED005ED001427BE /* UIColor+CLColor.m */ = {isa = PBXFileReference; fileEncoding = 4; lastKnownFileType = sourcecode.c.objc; path = "UIColor+CLColor.m"; sourceTree = "<group>"; };
		F30ACB901ED00748001427BE /* MPCopyableLabel.h */ = {isa = PBXFileReference; fileEncoding = 4; lastKnownFileType = sourcecode.c.h; path = MPCopyableLabel.h; sourceTree = "<group>"; };
		F30ACB911ED00748001427BE /* MPCopyableLabel.m */ = {isa = PBXFileReference; fileEncoding = 4; lastKnownFileType = sourcecode.c.objc; path = MPCopyableLabel.m; sourceTree = "<group>"; };
		F30ACB931ED024CC001427BE /* MPPlayerController.h */ = {isa = PBXFileReference; fileEncoding = 4; lastKnownFileType = sourcecode.c.h; path = MPPlayerController.h; sourceTree = "<group>"; };
		F30ACB941ED024CC001427BE /* MPPlayerController.m */ = {isa = PBXFileReference; fileEncoding = 4; lastKnownFileType = sourcecode.c.objc; path = MPPlayerController.m; sourceTree = "<group>"; };
		F39AD98B1EADF36200E30DBB /* ViewController.h */ = {isa = PBXFileReference; fileEncoding = 4; lastKnownFileType = sourcecode.c.h; path = ViewController.h; sourceTree = "<group>"; };
		F39AD98C1EADF36200E30DBB /* ViewController.m */ = {isa = PBXFileReference; fileEncoding = 4; lastKnownFileType = sourcecode.c.objc; path = ViewController.m; sourceTree = "<group>"; };
		F39AD9921EADF3CD00E30DBB /* back_full.png */ = {isa = PBXFileReference; lastKnownFileType = image.png; path = back_full.png; sourceTree = "<group>"; };
		F39AD9931EADF3CD00E30DBB /* back_full@2x.png */ = {isa = PBXFileReference; lastKnownFileType = image.png; path = "back_full@2x.png"; sourceTree = "<group>"; };
		F39AD9941EADF3CD00E30DBB /* back_full@3x.png */ = {isa = PBXFileReference; lastKnownFileType = image.png; path = "back_full@3x.png"; sourceTree = "<group>"; };
		F39AD9951EADF3CD00E30DBB /* bottom_shadow.png */ = {isa = PBXFileReference; lastKnownFileType = image.png; path = bottom_shadow.png; sourceTree = "<group>"; };
		F39AD9961EADF3CD00E30DBB /* brightness@2x.png */ = {isa = PBXFileReference; lastKnownFileType = image.png; path = "brightness@2x.png"; sourceTree = "<group>"; };
		F39AD9971EADF3CD00E30DBB /* close.png */ = {isa = PBXFileReference; lastKnownFileType = image.png; path = close.png; sourceTree = "<group>"; };
		F39AD9981EADF3CD00E30DBB /* close@2x.png */ = {isa = PBXFileReference; lastKnownFileType = image.png; path = "close@2x.png"; sourceTree = "<group>"; };
		F39AD9991EADF3CD00E30DBB /* close@3x.png */ = {isa = PBXFileReference; lastKnownFileType = image.png; path = "close@3x.png"; sourceTree = "<group>"; };
		F39AD99A1EADF3CD00E30DBB /* download@2x.png */ = {isa = PBXFileReference; lastKnownFileType = image.png; path = "download@2x.png"; sourceTree = "<group>"; };
		F39AD99B1EADF3CD00E30DBB /* download@3x.png */ = {isa = PBXFileReference; lastKnownFileType = image.png; path = "download@3x.png"; sourceTree = "<group>"; };
		F39AD99C1EADF3CD00E30DBB /* fast_backward@2x.png */ = {isa = PBXFileReference; lastKnownFileType = image.png; path = "fast_backward@2x.png"; sourceTree = "<group>"; };
		F39AD99D1EADF3CD00E30DBB /* fast_backward@3x.png */ = {isa = PBXFileReference; lastKnownFileType = image.png; path = "fast_backward@3x.png"; sourceTree = "<group>"; };
		F39AD99E1EADF3CD00E30DBB /* fast_forward@2x.png */ = {isa = PBXFileReference; lastKnownFileType = image.png; path = "fast_forward@2x.png"; sourceTree = "<group>"; };
		F39AD99F1EADF3CD00E30DBB /* fast_forward@3x.png */ = {isa = PBXFileReference; lastKnownFileType = image.png; path = "fast_forward@3x.png"; sourceTree = "<group>"; };
		F39AD9A01EADF3CD00E30DBB /* fullscreen.png */ = {isa = PBXFileReference; lastKnownFileType = image.png; path = fullscreen.png; sourceTree = "<group>"; };
		F39AD9A11EADF3CD00E30DBB /* fullscreen@2x.png */ = {isa = PBXFileReference; lastKnownFileType = image.png; path = "fullscreen@2x.png"; sourceTree = "<group>"; };
		F39AD9A21EADF3CD00E30DBB /* fullscreen@3x.png */ = {isa = PBXFileReference; lastKnownFileType = image.png; path = "fullscreen@3x.png"; sourceTree = "<group>"; };
		F39AD9A31EADF3CD00E30DBB /* loading_bgView.jpg */ = {isa = PBXFileReference; lastKnownFileType = image.jpeg; path = loading_bgView.jpg; sourceTree = "<group>"; };
		F39AD9A41EADF3CD00E30DBB /* lock-nor.png */ = {isa = PBXFileReference; lastKnownFileType = image.png; path = "lock-nor.png"; sourceTree = "<group>"; };
		F39AD9A51EADF3CD00E30DBB /* lock-nor@2x.png */ = {isa = PBXFileReference; lastKnownFileType = image.png; path = "lock-nor@2x.png"; sourceTree = "<group>"; };
		F39AD9A61EADF3CD00E30DBB /* lock-nor@3x.png */ = {isa = PBXFileReference; lastKnownFileType = image.png; path = "lock-nor@3x.png"; sourceTree = "<group>"; };
		F39AD9A71EADF3CD00E30DBB /* management_mask@2x.png */ = {isa = PBXFileReference; lastKnownFileType = image.png; path = "management_mask@2x.png"; sourceTree = "<group>"; };
		F39AD9A81EADF3CD00E30DBB /* mute@2x.png */ = {isa = PBXFileReference; lastKnownFileType = image.png; path = "mute@2x.png"; sourceTree = "<group>"; };
		F39AD9A91EADF3CD00E30DBB /* not_download@2x.png */ = {isa = PBXFileReference; lastKnownFileType = image.png; path = "not_download@2x.png"; sourceTree = "<group>"; };
		F39AD9AA1EADF3CD00E30DBB /* not_download@3x.png */ = {isa = PBXFileReference; lastKnownFileType = image.png; path = "not_download@3x.png"; sourceTree = "<group>"; };
		F39AD9AB1EADF3CD00E30DBB /* pause.png */ = {isa = PBXFileReference; lastKnownFileType = image.png; path = pause.png; sourceTree = "<group>"; };
		F39AD9AC1EADF3CD00E30DBB /* pause@2x.png */ = {isa = PBXFileReference; lastKnownFileType = image.png; path = "pause@2x.png"; sourceTree = "<group>"; };
		F39AD9AD1EADF3CD00E30DBB /* pause@3x.png */ = {isa = PBXFileReference; lastKnownFileType = image.png; path = "pause@3x.png"; sourceTree = "<group>"; };
		F39AD9AE1EADF3CD00E30DBB /* play.png */ = {isa = PBXFileReference; lastKnownFileType = image.png; path = play.png; sourceTree = "<group>"; };
		F39AD9AF1EADF3CD00E30DBB /* play@2x.png */ = {isa = PBXFileReference; lastKnownFileType = image.png; path = "play@2x.png"; sourceTree = "<group>"; };
		F39AD9B01EADF3CD00E30DBB /* play@3x.png */ = {isa = PBXFileReference; lastKnownFileType = image.png; path = "play@3x.png"; sourceTree = "<group>"; };
		F39AD9B11EADF3CD00E30DBB /* play_btn@2x.png */ = {isa = PBXFileReference; lastKnownFileType = image.png; path = "play_btn@2x.png"; sourceTree = "<group>"; };
		F39AD9B21EADF3CD00E30DBB /* repeat_video.png */ = {isa = PBXFileReference; lastKnownFileType = image.png; path = repeat_video.png; sourceTree = "<group>"; };
		F39AD9B31EADF3CD00E30DBB /* repeat_video@2x.png */ = {isa = PBXFileReference; lastKnownFileType = image.png; path = "repeat_video@2x.png"; sourceTree = "<group>"; };
		F39AD9B41EADF3CD00E30DBB /* repeat_video@3x.png */ = {isa = PBXFileReference; lastKnownFileType = image.png; path = "repeat_video@3x.png"; sourceTree = "<group>"; };
		F39AD9B51EADF3CD00E30DBB /* shrinkscreen.png */ = {isa = PBXFileReference; lastKnownFileType = image.png; path = shrinkscreen.png; sourceTree = "<group>"; };
		F39AD9B61EADF3CD00E30DBB /* shrinkscreen@2x.png */ = {isa = PBXFileReference; lastKnownFileType = image.png; path = "shrinkscreen@2x.png"; sourceTree = "<group>"; };
		F39AD9B71EADF3CD00E30DBB /* shrinkscreen@3x.png */ = {isa = PBXFileReference; lastKnownFileType = image.png; path = "shrinkscreen@3x.png"; sourceTree = "<group>"; };
		F39AD9B81EADF3CD00E30DBB /* slider.png */ = {isa = PBXFileReference; lastKnownFileType = image.png; path = slider.png; sourceTree = "<group>"; };
		F39AD9B91EADF3CD00E30DBB /* slider@2x.png */ = {isa = PBXFileReference; lastKnownFileType = image.png; path = "slider@2x.png"; sourceTree = "<group>"; };
		F39AD9BA1EADF3CD00E30DBB /* slider@3x.png */ = {isa = PBXFileReference; lastKnownFileType = image.png; path = "slider@3x.png"; sourceTree = "<group>"; };
		F39AD9BB1EADF3CD00E30DBB /* top_shadow.png */ = {isa = PBXFileReference; lastKnownFileType = image.png; path = top_shadow.png; sourceTree = "<group>"; };
		F39AD9BC1EADF3CD00E30DBB /* unlock-nor.png */ = {isa = PBXFileReference; lastKnownFileType = image.png; path = "unlock-nor.png"; sourceTree = "<group>"; };
		F39AD9BD1EADF3CD00E30DBB /* unlock-nor@2x.png */ = {isa = PBXFileReference; lastKnownFileType = image.png; path = "unlock-nor@2x.png"; sourceTree = "<group>"; };
		F39AD9BE1EADF3CD00E30DBB /* unlock-nor@3x.png */ = {isa = PBXFileReference; lastKnownFileType = image.png; path = "unlock-nor@3x.png"; sourceTree = "<group>"; };
		F39AD9BF1EADF3CD00E30DBB /* volume@2x.png */ = {isa = PBXFileReference; lastKnownFileType = image.png; path = "volume@2x.png"; sourceTree = "<group>"; };
		F39AD9EE1EADF3D900E30DBB /* Folder@2x.png */ = {isa = PBXFileReference; lastKnownFileType = image.png; path = "Folder@2x.png"; sourceTree = "<group>"; };
		F3F2BC431ECD9AB40009735E /* CocoaLumberjack.framework */ = {isa = PBXFileReference; lastKnownFileType = wrapper.framework; name = CocoaLumberjack.framework; path = "../../Library/Developer/Xcode/DerivedData/MobliePlayer-bjycjuiflxwuelbwzxoivnxiujzg/Build/Products/Debug-iphoneos/CocoaLumberjack/CocoaLumberjack.framework"; sourceTree = "<group>"; };
		F3FB97E01E9528E700C51629 /* 456.flv */ = {isa = PBXFileReference; lastKnownFileType = file; path = 456.flv; sourceTree = "<group>"; };
/* End PBXFileReference section */

/* Begin PBXFrameworksBuildPhase section */
		F3067D471E94CB390017CA13 /* Frameworks */ = {
			isa = PBXFrameworksBuildPhase;
			buildActionMask = 2147483647;
			files = (
				F3067D6D1E94CF5D0017CA13 /* libstdc++.6.0.9.tbd in Frameworks */,
				F3067D6B1E94CF540017CA13 /* libiconv.tbd in Frameworks */,
				F3067D691E94CF4B0017CA13 /* libbz2.tbd in Frameworks */,
				F3067D671E94CF430017CA13 /* libz.tbd in Frameworks */,
				528B3BD01BA13FB12BBF524E /* Pods_MobliePlayer.framework in Frameworks */,
			);
			runOnlyForDeploymentPostprocessing = 0;
		};
/* End PBXFrameworksBuildPhase section */

/* Begin PBXGroup section */
		2DDADD0745CF476ECF15F69B /* Frameworks */ = {
			isa = PBXGroup;
			children = (
				F3F2BC431ECD9AB40009735E /* CocoaLumberjack.framework */,
				F3067D6C1E94CF5D0017CA13 /* libstdc++.6.0.9.tbd */,
				F3067D6A1E94CF540017CA13 /* libiconv.tbd */,
				F3067D681E94CF4B0017CA13 /* libbz2.tbd */,
				F3067D661E94CF430017CA13 /* libz.tbd */,
				5FCF664A3A4C24F8097489F0 /* Pods_MobliePlayer.framework */,
			);
			name = Frameworks;
			sourceTree = "<group>";
		};
		68BB11C83EE4D1EAE7254701 /* Pods */ = {
			isa = PBXGroup;
			children = (
				AFA625441982A5489E1DCAAB /* Pods-MobliePlayer.debug.xcconfig */,
				9B83535BAC1EC0F7807D5978 /* Pods-MobliePlayer.release.xcconfig */,
			);
			name = Pods;
			sourceTree = "<group>";
		};
		F3067D411E94CB390017CA13 = {
			isa = PBXGroup;
			children = (
				F3067D641E94CB610017CA13 /* Podfile */,
				F3067D4C1E94CB390017CA13 /* MobliePlayer */,
				F3067D4B1E94CB390017CA13 /* Products */,
				68BB11C83EE4D1EAE7254701 /* Pods */,
				2DDADD0745CF476ECF15F69B /* Frameworks */,
			);
			sourceTree = "<group>";
		};
		F3067D4B1E94CB390017CA13 /* Products */ = {
			isa = PBXGroup;
			children = (
				F3067D4A1E94CB390017CA13 /* MobliePlayer.app */,
			);
			name = Products;
			sourceTree = "<group>";
		};
		F3067D4C1E94CB390017CA13 /* MobliePlayer */ = {
			isa = PBXGroup;
			children = (
				F3FB97E01E9528E700C51629 /* 456.flv */,
				F39AD9911EADF3CD00E30DBB /* imageSource */,
				F308CD5F1ECE9C2A0086C5A6 /* Others */,
				F39AD9871EADF36200E30DBB /* Main */,
				F308CD491ECE98560086C5A6 /* Document */,
				F308CD4A1ECE98560086C5A6 /* Wifi */,
				F31053D91EC0009A0016C83D /* ThirdSDK */,
				F3067D501E94CB390017CA13 /* AppDelegate.h */,
				F3067D511E94CB390017CA13 /* AppDelegate.m */,
				F3067D561E94CB390017CA13 /* Main.storyboard */,
				F3067D591E94CB390017CA13 /* Assets.xcassets */,
				F3067D5B1E94CB390017CA13 /* LaunchScreen.storyboard */,
				F3067D5E1E94CB390017CA13 /* Info.plist */,
				F3067D4D1E94CB390017CA13 /* Supporting Files */,
			);
			path = MobliePlayer;
			sourceTree = "<group>";
		};
		F3067D4D1E94CB390017CA13 /* Supporting Files */ = {
			isa = PBXGroup;
			children = (
				F3067D4E1E94CB390017CA13 /* main.m */,
			);
			name = "Supporting Files";
			sourceTree = "<group>";
		};
		F308CD1C1ECE98270086C5A6 /* VLCPlayer */ = {
			isa = PBXGroup;
			children = (
				F308CD1D1ECE98270086C5A6 /* category */,
				F308CD2A1ECE98270086C5A6 /* controller */,
				F308CD3A1ECE98270086C5A6 /* model */,
				F308CD3B1ECE98270086C5A6 /* view */,
			);
			path = VLCPlayer;
			sourceTree = "<group>";
		};
		F308CD1D1ECE98270086C5A6 /* category */ = {
			isa = PBXGroup;
			children = (
				F308CD1E1ECE98270086C5A6 /* UIAlertController+ZFPlayerRotation.h */,
				F308CD1F1ECE98270086C5A6 /* UIAlertController+ZFPlayerRotation.m */,
				F308CD201ECE98270086C5A6 /* UIButton+MPButton.h */,
				F308CD211ECE98270086C5A6 /* UIButton+MPButton.m */,
				F308CD221ECE98270086C5A6 /* UINavigationController+ZFPlayerRotation.h */,
				F308CD231ECE98270086C5A6 /* UINavigationController+ZFPlayerRotation.m */,
				F308CD241ECE98270086C5A6 /* UITabBarController+ZFPlayerRotation.h */,
				F308CD251ECE98270086C5A6 /* UITabBarController+ZFPlayerRotation.m */,
				F308CD261ECE98270086C5A6 /* UIView+CLView.h */,
				F308CD271ECE98270086C5A6 /* UIView+CLView.m */,
				F308CD281ECE98270086C5A6 /* UIViewController+ZFPlayerRotation.h */,
				F308CD291ECE98270086C5A6 /* UIViewController+ZFPlayerRotation.m */,
			);
			path = category;
			sourceTree = "<group>";
		};
		F308CD2A1ECE98270086C5A6 /* controller */ = {
			isa = PBXGroup;
			children = (
				F308CD2B1ECE98270086C5A6 /* MPBirghtness.h */,
				F308CD2C1ECE98270086C5A6 /* MPBirghtness.m */,
				F308CD2D1ECE98270086C5A6 /* MPControlView.h */,
				F308CD2E1ECE98270086C5A6 /* MPControlView.m */,
				F308CD2F1ECE98270086C5A6 /* MPFastView.h */,
				F308CD301ECE98270086C5A6 /* MPFastView.m */,
				F308CD311ECE98270086C5A6 /* MPHUDView.h */,
				F308CD321ECE98270086C5A6 /* MPHUDView.m */,
				F308CD331ECE98270086C5A6 /* MPPanGestureRecognizer.h */,
				F308CD341ECE98270086C5A6 /* MPPanGestureRecognizer.m */,
				F308CD351ECE98270086C5A6 /* MPPlayer.h */,
				F308CD361ECE98270086C5A6 /* MPPlayerManager.h */,
				F308CD371ECE98270086C5A6 /* MPPlayerManager.m */,
				F308CD381ECE98270086C5A6 /* MPSlider.h */,
				F308CD391ECE98270086C5A6 /* MPSlider.m */,
			);
			path = controller;
			sourceTree = "<group>";
		};
		F308CD3A1ECE98270086C5A6 /* model */ = {
			isa = PBXGroup;
			children = (
			);
			path = model;
			sourceTree = "<group>";
		};
		F308CD3B1ECE98270086C5A6 /* view */ = {
			isa = PBXGroup;
			children = (
			);
			path = view;
			sourceTree = "<group>";
		};
		F308CD491ECE98560086C5A6 /* Document */ = {
			isa = PBXGroup;
			children = (
				F308CD4B1ECE98930086C5A6 /* controller */,
				F308CD4C1ECE98930086C5A6 /* model */,
				F308CD4D1ECE98930086C5A6 /* view */,
			);
			path = Document;
			sourceTree = "<group>";
		};
		F308CD4A1ECE98560086C5A6 /* Wifi */ = {
			isa = PBXGroup;
			children = (
				F308CD4E1ECE989B0086C5A6 /* controller */,
				F308CD4F1ECE989B0086C5A6 /* model */,
				F308CD501ECE989B0086C5A6 /* view */,
			);
			path = Wifi;
			sourceTree = "<group>";
		};
		F308CD4B1ECE98930086C5A6 /* controller */ = {
			isa = PBXGroup;
			children = (
				F308CD511ECE98D80086C5A6 /* MPFloderViewController.h */,
				F308CD521ECE98D80086C5A6 /* MPFloderViewController.m */,
			);
			path = controller;
			sourceTree = "<group>";
		};
		F308CD4C1ECE98930086C5A6 /* model */ = {
			isa = PBXGroup;
			children = (
			);
			path = model;
			sourceTree = "<group>";
		};
		F308CD4D1ECE98930086C5A6 /* view */ = {
			isa = PBXGroup;
			children = (
			);
			path = view;
			sourceTree = "<group>";
		};
		F308CD4E1ECE989B0086C5A6 /* controller */ = {
			isa = PBXGroup;
			children = (
				F308CD541ECE98E00086C5A6 /* MPHTTPViewController.h */,
				F308CD551ECE98E00086C5A6 /* MPHTTPViewController.m */,
			);
			path = controller;
			sourceTree = "<group>";
		};
		F308CD4F1ECE989B0086C5A6 /* model */ = {
			isa = PBXGroup;
			children = (
			);
			path = model;
			sourceTree = "<group>";
		};
		F308CD501ECE989B0086C5A6 /* view */ = {
			isa = PBXGroup;
			children = (
			);
			path = view;
			sourceTree = "<group>";
		};
		F308CD5F1ECE9C2A0086C5A6 /* Others */ = {
			isa = PBXGroup;
			children = (
				F308CD601ECE9C2A0086C5A6 /* Controllers */,
				F308CD671ECE9C2A0086C5A6 /* Models */,
				F308CD6C1ECE9C2A0086C5A6 /* Views */,
			);
			path = Others;
			sourceTree = "<group>";
		};
		F308CD601ECE9C2A0086C5A6 /* Controllers */ = {
			isa = PBXGroup;
			children = (
				F308CD651ECE9C2A0086C5A6 /* MPTabBarViewController.h */,
				F308CD661ECE9C2A0086C5A6 /* MPTabBarViewController.m */,
			);
			path = Controllers;
			sourceTree = "<group>";
		};
		F308CD671ECE9C2A0086C5A6 /* Models */ = {
			isa = PBXGroup;
			children = (
			);
			path = Models;
			sourceTree = "<group>";
		};
		F308CD6C1ECE9C2A0086C5A6 /* Views */ = {
			isa = PBXGroup;
			children = (
			);
			path = Views;
			sourceTree = "<group>";
		};
		F308CD721ECE9F060086C5A6 /* categary */ = {
			isa = PBXGroup;
			children = (
				F30ACB8C1ED005ED001427BE /* UIColor+CLColor.h */,
				F30ACB8D1ED005ED001427BE /* UIColor+CLColor.m */,
				F308CD731ECE9F160086C5A6 /* UIViewController+YYAdd.h */,
				F308CD741ECE9F160086C5A6 /* UIViewController+YYAdd.m */,
			);
			path = categary;
			sourceTree = "<group>";
		};
		F30ACB8F1ED00736001427BE /* CopyLabel */ = {
			isa = PBXGroup;
			children = (
				F30ACB901ED00748001427BE /* MPCopyableLabel.h */,
				F30ACB911ED00748001427BE /* MPCopyableLabel.m */,
			);
			path = CopyLabel;
			sourceTree = "<group>";
		};
		F31053D91EC0009A0016C83D /* ThirdSDK */ = {
			isa = PBXGroup;
			children = (
				F30ACB8F1ED00736001427BE /* CopyLabel */,
				F308CD721ECE9F060086C5A6 /* categary */,
				F308CD1C1ECE98270086C5A6 /* VLCPlayer */,
			);
			path = ThirdSDK;
			sourceTree = "<group>";
		};
		F39AD9871EADF36200E30DBB /* Main */ = {
			isa = PBXGroup;
			children = (
				F39AD9881EADF36200E30DBB /* controller */,
				F39AD98D1EADF36200E30DBB /* model */,
				F39AD98E1EADF36200E30DBB /* view */,
			);
			path = Main;
			sourceTree = "<group>";
		};
		F39AD9881EADF36200E30DBB /* controller */ = {
			isa = PBXGroup;
			children = (
				F39AD98B1EADF36200E30DBB /* ViewController.h */,
				F39AD98C1EADF36200E30DBB /* ViewController.m */,
				F30ACB931ED024CC001427BE /* MPPlayerController.h */,
				F30ACB941ED024CC001427BE /* MPPlayerController.m */,
			);
			path = controller;
			sourceTree = "<group>";
		};
		F39AD98D1EADF36200E30DBB /* model */ = {
			isa = PBXGroup;
			children = (
			);
			path = model;
			sourceTree = "<group>";
		};
		F39AD98E1EADF36200E30DBB /* view */ = {
			isa = PBXGroup;
			children = (
			);
			path = view;
			sourceTree = "<group>";
		};
		F39AD9911EADF3CD00E30DBB /* imageSource */ = {
			isa = PBXGroup;
			children = (
				F308CD761ECEB9860086C5A6 /* Nav_back@2x.png */,
				F308CD771ECEB9860086C5A6 /* Nav_back@3x.png */,
				F308CD5B1ECE9BAD0086C5A6 /* icon_wifi@2x.png */,
				F308CD5C1ECE9BAD0086C5A6 /* icon_wifi_offline@2x.png */,
				F39AD9EE1EADF3D900E30DBB /* Folder@2x.png */,
				F39AD9921EADF3CD00E30DBB /* back_full.png */,
				F39AD9931EADF3CD00E30DBB /* back_full@2x.png */,
				F39AD9941EADF3CD00E30DBB /* back_full@3x.png */,
				F39AD9951EADF3CD00E30DBB /* bottom_shadow.png */,
				F39AD9961EADF3CD00E30DBB /* brightness@2x.png */,
				F39AD9971EADF3CD00E30DBB /* close.png */,
				F39AD9981EADF3CD00E30DBB /* close@2x.png */,
				F39AD9991EADF3CD00E30DBB /* close@3x.png */,
				F39AD99A1EADF3CD00E30DBB /* download@2x.png */,
				F39AD99B1EADF3CD00E30DBB /* download@3x.png */,
				F39AD99C1EADF3CD00E30DBB /* fast_backward@2x.png */,
				F39AD99D1EADF3CD00E30DBB /* fast_backward@3x.png */,
				F39AD99E1EADF3CD00E30DBB /* fast_forward@2x.png */,
				F39AD99F1EADF3CD00E30DBB /* fast_forward@3x.png */,
				F39AD9A01EADF3CD00E30DBB /* fullscreen.png */,
				F39AD9A11EADF3CD00E30DBB /* fullscreen@2x.png */,
				F39AD9A21EADF3CD00E30DBB /* fullscreen@3x.png */,
				F39AD9A31EADF3CD00E30DBB /* loading_bgView.jpg */,
				F39AD9A41EADF3CD00E30DBB /* lock-nor.png */,
				F39AD9A51EADF3CD00E30DBB /* lock-nor@2x.png */,
				F39AD9A61EADF3CD00E30DBB /* lock-nor@3x.png */,
				F39AD9A71EADF3CD00E30DBB /* management_mask@2x.png */,
				F39AD9A81EADF3CD00E30DBB /* mute@2x.png */,
				F39AD9A91EADF3CD00E30DBB /* not_download@2x.png */,
				F39AD9AA1EADF3CD00E30DBB /* not_download@3x.png */,
				F39AD9AB1EADF3CD00E30DBB /* pause.png */,
				F39AD9AC1EADF3CD00E30DBB /* pause@2x.png */,
				F39AD9AD1EADF3CD00E30DBB /* pause@3x.png */,
				F39AD9AE1EADF3CD00E30DBB /* play.png */,
				F39AD9AF1EADF3CD00E30DBB /* play@2x.png */,
				F39AD9B01EADF3CD00E30DBB /* play@3x.png */,
				F39AD9B11EADF3CD00E30DBB /* play_btn@2x.png */,
				F39AD9B21EADF3CD00E30DBB /* repeat_video.png */,
				F39AD9B31EADF3CD00E30DBB /* repeat_video@2x.png */,
				F39AD9B41EADF3CD00E30DBB /* repeat_video@3x.png */,
				F39AD9B51EADF3CD00E30DBB /* shrinkscreen.png */,
				F39AD9B61EADF3CD00E30DBB /* shrinkscreen@2x.png */,
				F39AD9B71EADF3CD00E30DBB /* shrinkscreen@3x.png */,
				F39AD9B81EADF3CD00E30DBB /* slider.png */,
				F39AD9B91EADF3CD00E30DBB /* slider@2x.png */,
				F39AD9BA1EADF3CD00E30DBB /* slider@3x.png */,
				F39AD9BB1EADF3CD00E30DBB /* top_shadow.png */,
				F39AD9BC1EADF3CD00E30DBB /* unlock-nor.png */,
				F39AD9BD1EADF3CD00E30DBB /* unlock-nor@2x.png */,
				F39AD9BE1EADF3CD00E30DBB /* unlock-nor@3x.png */,
				F39AD9BF1EADF3CD00E30DBB /* volume@2x.png */,
			);
			path = imageSource;
			sourceTree = "<group>";
		};
/* End PBXGroup section */

/* Begin PBXNativeTarget section */
		F3067D491E94CB390017CA13 /* MobliePlayer */ = {
			isa = PBXNativeTarget;
			buildConfigurationList = F3067D611E94CB390017CA13 /* Build configuration list for PBXNativeTarget "MobliePlayer" */;
			buildPhases = (
				14E02C6DB69682C0769C4925 /* [CP] Check Pods Manifest.lock */,
				F3067D461E94CB390017CA13 /* Sources */,
				F3067D471E94CB390017CA13 /* Frameworks */,
				F3067D481E94CB390017CA13 /* Resources */,
				DB49265D7303C79F6FA90596 /* [CP] Embed Pods Frameworks */,
				D3F0F3019F2012098BA32F8C /* [CP] Copy Pods Resources */,
			);
			buildRules = (
			);
			dependencies = (
			);
			name = MobliePlayer;
			productName = MobliePlayer;
			productReference = F3067D4A1E94CB390017CA13 /* MobliePlayer.app */;
			productType = "com.apple.product-type.application";
		};
/* End PBXNativeTarget section */

/* Begin PBXProject section */
		F3067D421E94CB390017CA13 /* Project object */ = {
			isa = PBXProject;
			attributes = {
				CLASSPREFIX = MP;
				LastUpgradeCheck = 0820;
				ORGANIZATIONNAME = conglei;
				TargetAttributes = {
					F3067D491E94CB390017CA13 = {
						CreatedOnToolsVersion = 7.2.1;
						DevelopmentTeam = MXQYK37KH7;
					};
				};
			};
			buildConfigurationList = F3067D451E94CB390017CA13 /* Build configuration list for PBXProject "MobliePlayer" */;
			compatibilityVersion = "Xcode 3.2";
			developmentRegion = English;
			hasScannedForEncodings = 0;
			knownRegions = (
				en,
				Base,
				"zh-Hans",
			);
			mainGroup = F3067D411E94CB390017CA13;
			productRefGroup = F3067D4B1E94CB390017CA13 /* Products */;
			projectDirPath = "";
			projectRoot = "";
			targets = (
				F3067D491E94CB390017CA13 /* MobliePlayer */,
			);
		};
/* End PBXProject section */

/* Begin PBXResourcesBuildPhase section */
		F3067D481E94CB390017CA13 /* Resources */ = {
			isa = PBXResourcesBuildPhase;
			buildActionMask = 2147483647;
			files = (
				F39AD9E61EADF3CD00E30DBB /* slider.png in Resources */,
				F39AD9DD1EADF3CD00E30DBB /* play@2x.png in Resources */,
				F39AD9E11EADF3CD00E30DBB /* repeat_video@2x.png in Resources */,
				F39AD9CB1EADF3CD00E30DBB /* fast_backward@3x.png in Resources */,
				F39AD9E81EADF3CD00E30DBB /* slider@3x.png in Resources */,
				F39AD9E31EADF3CD00E30DBB /* shrinkscreen.png in Resources */,
				F308CD5D1ECE9BAD0086C5A6 /* icon_wifi@2x.png in Resources */,
				F39AD9DC1EADF3CD00E30DBB /* play.png in Resources */,
				F39AD9DB1EADF3CD00E30DBB /* pause@3x.png in Resources */,
				F39575A21E971F820046596C /* 456.flv in Resources */,
				F39AD9E51EADF3CD00E30DBB /* shrinkscreen@3x.png in Resources */,
				F39AD9EF1EADF3D900E30DBB /* Folder@2x.png in Resources */,
				F39AD9D91EADF3CD00E30DBB /* pause.png in Resources */,
				F39AD9ED1EADF3CD00E30DBB /* volume@2x.png in Resources */,
				F39AD9D01EADF3CD00E30DBB /* fullscreen@3x.png in Resources */,
				F39AD9C21EADF3CD00E30DBB /* back_full@3x.png in Resources */,
				F39AD9EC1EADF3CD00E30DBB /* unlock-nor@3x.png in Resources */,
				F39AD9E01EADF3CD00E30DBB /* repeat_video.png in Resources */,
				F308CD791ECEB9860086C5A6 /* Nav_back@3x.png in Resources */,
				F3067D5D1E94CB390017CA13 /* LaunchScreen.storyboard in Resources */,
				F39AD9CC1EADF3CD00E30DBB /* fast_forward@2x.png in Resources */,
				F39AD9DA1EADF3CD00E30DBB /* pause@2x.png in Resources */,
				F39AD9D41EADF3CD00E30DBB /* lock-nor@3x.png in Resources */,
				F39AD9E71EADF3CD00E30DBB /* slider@2x.png in Resources */,
				F39AD9C61EADF3CD00E30DBB /* close@2x.png in Resources */,
				F39AD9E91EADF3CD00E30DBB /* top_shadow.png in Resources */,
				F39AD9C81EADF3CD00E30DBB /* download@2x.png in Resources */,
				F39AD9DF1EADF3CD00E30DBB /* play_btn@2x.png in Resources */,
				F39AD9CF1EADF3CD00E30DBB /* fullscreen@2x.png in Resources */,
				F39AD9C41EADF3CD00E30DBB /* brightness@2x.png in Resources */,
				F308CD781ECEB9860086C5A6 /* Nav_back@2x.png in Resources */,
				F39AD9EA1EADF3CD00E30DBB /* unlock-nor.png in Resources */,
				F39AD9D81EADF3CD00E30DBB /* not_download@3x.png in Resources */,
				F39AD9C31EADF3CD00E30DBB /* bottom_shadow.png in Resources */,
				F39AD9D71EADF3CD00E30DBB /* not_download@2x.png in Resources */,
				F39AD9C71EADF3CD00E30DBB /* close@3x.png in Resources */,
				F39AD9D21EADF3CD00E30DBB /* lock-nor.png in Resources */,
				F39AD9C51EADF3CD00E30DBB /* close.png in Resources */,
				F39AD9EB1EADF3CD00E30DBB /* unlock-nor@2x.png in Resources */,
				F3067D5A1E94CB390017CA13 /* Assets.xcassets in Resources */,
				F39AD9DE1EADF3CD00E30DBB /* play@3x.png in Resources */,
				F39AD9D11EADF3CD00E30DBB /* loading_bgView.jpg in Resources */,
				F39AD9C01EADF3CD00E30DBB /* back_full.png in Resources */,
				F3067D651E94CB610017CA13 /* Podfile in Resources */,
				F39AD9D61EADF3CD00E30DBB /* mute@2x.png in Resources */,
				F39AD9C11EADF3CD00E30DBB /* back_full@2x.png in Resources */,
				F308CD5E1ECE9BAD0086C5A6 /* icon_wifi_offline@2x.png in Resources */,
				F39AD9E41EADF3CD00E30DBB /* shrinkscreen@2x.png in Resources */,
				F39AD9E21EADF3CD00E30DBB /* repeat_video@3x.png in Resources */,
				F39AD9CA1EADF3CD00E30DBB /* fast_backward@2x.png in Resources */,
				F39AD9D51EADF3CD00E30DBB /* management_mask@2x.png in Resources */,
				F39AD9CE1EADF3CD00E30DBB /* fullscreen.png in Resources */,
				F39AD9CD1EADF3CD00E30DBB /* fast_forward@3x.png in Resources */,
				F39AD9C91EADF3CD00E30DBB /* download@3x.png in Resources */,
				F3067D581E94CB390017CA13 /* Main.storyboard in Resources */,
				F39AD9D31EADF3CD00E30DBB /* lock-nor@2x.png in Resources */,
			);
			runOnlyForDeploymentPostprocessing = 0;
		};
/* End PBXResourcesBuildPhase section */

/* Begin PBXShellScriptBuildPhase section */
		14E02C6DB69682C0769C4925 /* [CP] Check Pods Manifest.lock */ = {
			isa = PBXShellScriptBuildPhase;
			buildActionMask = 2147483647;
			files = (
			);
			inputPaths = (
			);
			name = "[CP] Check Pods Manifest.lock";
			outputPaths = (
			);
			runOnlyForDeploymentPostprocessing = 0;
			shellPath = /bin/sh;
			shellScript = "diff \"${PODS_ROOT}/../Podfile.lock\" \"${PODS_ROOT}/Manifest.lock\" > /dev/null\nif [ $? != 0 ] ; then\n    # print error to STDERR\n    echo \"error: The sandbox is not in sync with the Podfile.lock. Run 'pod install' or update your CocoaPods installation.\" >&2\n    exit 1\nfi\n";
			showEnvVarsInLog = 0;
		};
		D3F0F3019F2012098BA32F8C /* [CP] Copy Pods Resources */ = {
			isa = PBXShellScriptBuildPhase;
			buildActionMask = 2147483647;
			files = (
			);
			inputPaths = (
			);
			name = "[CP] Copy Pods Resources";
			outputPaths = (
			);
			runOnlyForDeploymentPostprocessing = 0;
			shellPath = /bin/sh;
			shellScript = "\"${SRCROOT}/Pods/Target Support Files/Pods-MobliePlayer/Pods-MobliePlayer-resources.sh\"\n";
			showEnvVarsInLog = 0;
		};
		DB49265D7303C79F6FA90596 /* [CP] Embed Pods Frameworks */ = {
			isa = PBXShellScriptBuildPhase;
			buildActionMask = 2147483647;
			files = (
			);
			inputPaths = (
			);
			name = "[CP] Embed Pods Frameworks";
			outputPaths = (
			);
			runOnlyForDeploymentPostprocessing = 0;
			shellPath = /bin/sh;
			shellScript = "\"${SRCROOT}/Pods/Target Support Files/Pods-MobliePlayer/Pods-MobliePlayer-frameworks.sh\"\n";
			showEnvVarsInLog = 0;
		};
/* End PBXShellScriptBuildPhase section */

/* Begin PBXSourcesBuildPhase section */
		F3067D461E94CB390017CA13 /* Sources */ = {
			isa = PBXSourcesBuildPhase;
			buildActionMask = 2147483647;
			files = (
				F308CD6F1ECE9C2A0086C5A6 /* MPTabBarViewController.m in Sources */,
				F39AD9901EADF36200E30DBB /* ViewController.m in Sources */,
				F308CD441ECE98270086C5A6 /* MPFastView.m in Sources */,
				F308CD431ECE98270086C5A6 /* MPControlView.m in Sources */,
				F308CD3C1ECE98270086C5A6 /* UIAlertController+ZFPlayerRotation.m in Sources */,
				F3067D521E94CB390017CA13 /* AppDelegate.m in Sources */,
				F308CD421ECE98270086C5A6 /* MPBirghtness.m in Sources */,
				F308CD461ECE98270086C5A6 /* MPPanGestureRecognizer.m in Sources */,
				F308CD471ECE98270086C5A6 /* MPPlayerManager.m in Sources */,
				F30ACB921ED00748001427BE /* MPCopyableLabel.m in Sources */,
				F308CD531ECE98D80086C5A6 /* MPFloderViewController.m in Sources */,
				F308CD451ECE98270086C5A6 /* MPHUDView.m in Sources */,
				F3067D4F1E94CB390017CA13 /* main.m in Sources */,
				F308CD751ECE9F160086C5A6 /* UIViewController+YYAdd.m in Sources */,
				F308CD3F1ECE98270086C5A6 /* UITabBarController+ZFPlayerRotation.m in Sources */,
				F308CD411ECE98270086C5A6 /* UIViewController+ZFPlayerRotation.m in Sources */,
				F308CD481ECE98270086C5A6 /* MPSlider.m in Sources */,
				F30ACB951ED024CC001427BE /* MPPlayerController.m in Sources */,
				F308CD3D1ECE98270086C5A6 /* UIButton+MPButton.m in Sources */,
				F308CD561ECE98E00086C5A6 /* MPHTTPViewController.m in Sources */,
				F30ACB8E1ED005ED001427BE /* UIColor+CLColor.m in Sources */,
				F308CD3E1ECE98270086C5A6 /* UINavigationController+ZFPlayerRotation.m in Sources */,
				F308CD401ECE98270086C5A6 /* UIView+CLView.m in Sources */,
			);
			runOnlyForDeploymentPostprocessing = 0;
		};
/* End PBXSourcesBuildPhase section */

/* Begin PBXVariantGroup section */
		F3067D561E94CB390017CA13 /* Main.storyboard */ = {
			isa = PBXVariantGroup;
			children = (
				F3067D571E94CB390017CA13 /* Base */,
			);
			name = Main.storyboard;
			sourceTree = "<group>";
		};
		F3067D5B1E94CB390017CA13 /* LaunchScreen.storyboard */ = {
			isa = PBXVariantGroup;
			children = (
				F3067D5C1E94CB390017CA13 /* Base */,
			);
			name = LaunchScreen.storyboard;
			sourceTree = "<group>";
		};
/* End PBXVariantGroup section */

/* Begin XCBuildConfiguration section */
		F3067D5F1E94CB390017CA13 /* Debug */ = {
			isa = XCBuildConfiguration;
			buildSettings = {
				ALWAYS_SEARCH_USER_PATHS = NO;
				CLANG_ENABLE_MODULES = YES;
				CLANG_ENABLE_OBJC_ARC = YES;
				CLANG_WARN_BOOL_CONVERSION = YES;
				CLANG_WARN_CONSTANT_CONVERSION = YES;
				CLANG_WARN_DIRECT_OBJC_ISA_USAGE = YES_ERROR;
				CLANG_WARN_EMPTY_BODY = YES;
				CLANG_WARN_ENUM_CONVERSION = YES;
				CLANG_WARN_INFINITE_RECURSION = YES;
				CLANG_WARN_INT_CONVERSION = YES;
				CLANG_WARN_OBJC_ROOT_CLASS = YES_ERROR;
				CLANG_WARN_SUSPICIOUS_MOVE = YES;
				CLANG_WARN_UNREACHABLE_CODE = YES;
				CLANG_WARN__DUPLICATE_METHOD_MATCH = YES;
				"CODE_SIGN_IDENTITY[sdk=iphoneos*]" = "iPhone Developer";
				COPY_PHASE_STRIP = NO;
				DEBUG_INFORMATION_FORMAT = dwarf;
				ENABLE_STRICT_OBJC_MSGSEND = YES;
				ENABLE_TESTABILITY = YES;
				GCC_C_LANGUAGE_STANDARD = gnu99;
				GCC_DYNAMIC_NO_PIC = NO;
				GCC_NO_COMMON_BLOCKS = YES;
				GCC_OPTIMIZATION_LEVEL = 0;
				GCC_PREPROCESSOR_DEFINITIONS = (
					"DEBUG=1",
					"$(inherited)",
				);
				GCC_WARN_64_TO_32_BIT_CONVERSION = YES;
				GCC_WARN_ABOUT_RETURN_TYPE = YES_ERROR;
				GCC_WARN_UNDECLARED_SELECTOR = YES;
				GCC_WARN_UNINITIALIZED_AUTOS = YES_AGGRESSIVE;
				GCC_WARN_UNUSED_FUNCTION = YES;
				GCC_WARN_UNUSED_VARIABLE = YES;
				IPHONEOS_DEPLOYMENT_TARGET = 9.2;
				MTL_ENABLE_DEBUG_INFO = YES;
				ONLY_ACTIVE_ARCH = YES;
				SDKROOT = iphoneos;
			};
			name = Debug;
		};
		F3067D601E94CB390017CA13 /* Release */ = {
			isa = XCBuildConfiguration;
			buildSettings = {
				ALWAYS_SEARCH_USER_PATHS = NO;
				CLANG_ENABLE_MODULES = YES;
				CLANG_ENABLE_OBJC_ARC = YES;
				CLANG_WARN_BOOL_CONVERSION = YES;
				CLANG_WARN_CONSTANT_CONVERSION = YES;
				CLANG_WARN_DIRECT_OBJC_ISA_USAGE = YES_ERROR;
				CLANG_WARN_EMPTY_BODY = YES;
				CLANG_WARN_ENUM_CONVERSION = YES;
				CLANG_WARN_INFINITE_RECURSION = YES;
				CLANG_WARN_INT_CONVERSION = YES;
				CLANG_WARN_OBJC_ROOT_CLASS = YES_ERROR;
				CLANG_WARN_SUSPICIOUS_MOVE = YES;
				CLANG_WARN_UNREACHABLE_CODE = YES;
				CLANG_WARN__DUPLICATE_METHOD_MATCH = YES;
				"CODE_SIGN_IDENTITY[sdk=iphoneos*]" = "iPhone Developer";
				COPY_PHASE_STRIP = NO;
				DEBUG_INFORMATION_FORMAT = "dwarf-with-dsym";
				ENABLE_NS_ASSERTIONS = NO;
				ENABLE_STRICT_OBJC_MSGSEND = YES;
				GCC_C_LANGUAGE_STANDARD = gnu99;
				GCC_NO_COMMON_BLOCKS = YES;
				GCC_WARN_64_TO_32_BIT_CONVERSION = YES;
				GCC_WARN_ABOUT_RETURN_TYPE = YES_ERROR;
				GCC_WARN_UNDECLARED_SELECTOR = YES;
				GCC_WARN_UNINITIALIZED_AUTOS = YES_AGGRESSIVE;
				GCC_WARN_UNUSED_FUNCTION = YES;
				GCC_WARN_UNUSED_VARIABLE = YES;
				IPHONEOS_DEPLOYMENT_TARGET = 9.2;
				MTL_ENABLE_DEBUG_INFO = NO;
				SDKROOT = iphoneos;
				VALIDATE_PRODUCT = YES;
			};
			name = Release;
		};
		F3067D621E94CB390017CA13 /* Debug */ = {
			isa = XCBuildConfiguration;
			baseConfigurationReference = AFA625441982A5489E1DCAAB /* Pods-MobliePlayer.debug.xcconfig */;
			buildSettings = {
				ASSETCATALOG_COMPILER_APPICON_NAME = AppIcon;
				CODE_SIGN_IDENTITY = "iPhone Developer";
				ENABLE_BITCODE = NO;
				INFOPLIST_FILE = MobliePlayer/Info.plist;
				IPHONEOS_DEPLOYMENT_TARGET = 8.0;
				LD_RUNPATH_SEARCH_PATHS = "$(inherited) @executable_path/Frameworks";
				PRODUCT_BUNDLE_IDENTIFIER = com.conglei.MobliePlayer;
				PRODUCT_NAME = "$(TARGET_NAME)";
			};
			name = Debug;
		};
		F3067D631E94CB390017CA13 /* Release */ = {
			isa = XCBuildConfiguration;
			baseConfigurationReference = 9B83535BAC1EC0F7807D5978 /* Pods-MobliePlayer.release.xcconfig */;
			buildSettings = {
				ASSETCATALOG_COMPILER_APPICON_NAME = AppIcon;
				CODE_SIGN_IDENTITY = "iPhone Developer";
				ENABLE_BITCODE = NO;
				INFOPLIST_FILE = MobliePlayer/Info.plist;
				IPHONEOS_DEPLOYMENT_TARGET = 8.0;
				LD_RUNPATH_SEARCH_PATHS = "$(inherited) @executable_path/Frameworks";
				PRODUCT_BUNDLE_IDENTIFIER = com.conglei.MobliePlayer;
				PRODUCT_NAME = "$(TARGET_NAME)";
			};
			name = Release;
		};
/* End XCBuildConfiguration section */

/* Begin XCConfigurationList section */
		F3067D451E94CB390017CA13 /* Build configuration list for PBXProject "MobliePlayer" */ = {
			isa = XCConfigurationList;
			buildConfigurations = (
				F3067D5F1E94CB390017CA13 /* Debug */,
				F3067D601E94CB390017CA13 /* Release */,
			);
			defaultConfigurationIsVisible = 0;
			defaultConfigurationName = Release;
		};
		F3067D611E94CB390017CA13 /* Build configuration list for PBXNativeTarget "MobliePlayer" */ = {
			isa = XCConfigurationList;
			buildConfigurations = (
				F3067D621E94CB390017CA13 /* Debug */,
				F3067D631E94CB390017CA13 /* Release */,
			);
			defaultConfigurationIsVisible = 0;
			defaultConfigurationName = Release;
		};
/* End XCConfigurationList section */
	};
	rootObject = F3067D421E94CB390017CA13 /* Project object */;
}
