// !$*UTF8*$!
{
	archiveVersion = 1;
	classes = {
	};
	objectVersion = 46;
	objects = {

/* Begin PBXBuildFile section */
		528B3BD01BA13FB12BBF524E /* Pods_MobliePlayer.framework in Frameworks */ = {isa = PBXBuildFile; fileRef = 5FCF664A3A4C24F8097489F0 /* Pods_MobliePlayer.framework */; };
		F3067D4F1E94CB390017CA13 /* main.m in Sources */ = {isa = PBXBuildFile; fileRef = F3067D4E1E94CB390017CA13 /* main.m */; };
		F3067D521E94CB390017CA13 /* AppDelegate.m in Sources */ = {isa = PBXBuildFile; fileRef = F3067D511E94CB390017CA13 /* AppDelegate.m */; };
		F3067D581E94CB390017CA13 /* Main.storyboard in Resources */ = {isa = PBXBuildFile; fileRef = F3067D561E94CB390017CA13 /* Main.storyboard */; };
		F3067D5A1E94CB390017CA13 /* Assets.xcassets in Resources */ = {isa = PBXBuildFile; fileRef = F3067D591E94CB390017CA13 /* Assets.xcassets */; };
		F3067D5D1E94CB390017CA13 /* LaunchScreen.storyboard in Resources */ = {isa = PBXBuildFile; fileRef = F3067D5B1E94CB390017CA13 /* LaunchScreen.storyboard */; };
		F3067D651E94CB610017CA13 /* Podfile in Resources */ = {isa = PBXBuildFile; fileRef = F3067D641E94CB610017CA13 /* Podfile */; };
		F3067D671E94CF430017CA13 /* libz.tbd in Frameworks */ = {isa = PBXBuildFile; fileRef = F3067D661E94CF430017CA13 /* libz.tbd */; };
		F3067D691E94CF4B0017CA13 /* libbz2.tbd in Frameworks */ = {isa = PBXBuildFile; fileRef = F3067D681E94CF4B0017CA13 /* libbz2.tbd */; };
		F3067D6B1E94CF540017CA13 /* libiconv.tbd in Frameworks */ = {isa = PBXBuildFile; fileRef = F3067D6A1E94CF540017CA13 /* libiconv.tbd */; };
		F3067D6D1E94CF5D0017CA13 /* libstdc++.6.0.9.tbd in Frameworks */ = {isa = PBXBuildFile; fileRef = F3067D6C1E94CF5D0017CA13 /* libstdc++.6.0.9.tbd */; };
		F3067D761E94D4540017CA13 /* MPPlayerManager.m in Sources */ = {isa = PBXBuildFile; fileRef = F3067D751E94D4540017CA13 /* MPPlayerManager.m */; };
		F3067DAD1E94E3E80017CA13 /* MPControlView.m in Sources */ = {isa = PBXBuildFile; fileRef = F3067DAC1E94E3E80017CA13 /* MPControlView.m */; };
		F3067DB01E94E42D0017CA13 /* MPHUDView.m in Sources */ = {isa = PBXBuildFile; fileRef = F3067DAF1E94E42D0017CA13 /* MPHUDView.m */; };
		F341B0511EA1E647005F9510 /* MPPanGestureRecognizer.m in Sources */ = {isa = PBXBuildFile; fileRef = F341B0501EA1E647005F9510 /* MPPanGestureRecognizer.m */; };
		F36CD39F1E9743AE00D1F2FE /* UIAlertController+ZFPlayerRotation.m in Sources */ = {isa = PBXBuildFile; fileRef = F36CD3981E9743AE00D1F2FE /* UIAlertController+ZFPlayerRotation.m */; };
		F36CD3A01E9743AE00D1F2FE /* UINavigationController+ZFPlayerRotation.m in Sources */ = {isa = PBXBuildFile; fileRef = F36CD39A1E9743AE00D1F2FE /* UINavigationController+ZFPlayerRotation.m */; };
		F36CD3A11E9743AE00D1F2FE /* UITabBarController+ZFPlayerRotation.m in Sources */ = {isa = PBXBuildFile; fileRef = F36CD39C1E9743AE00D1F2FE /* UITabBarController+ZFPlayerRotation.m */; };
		F36CD3A21E9743AE00D1F2FE /* UIViewController+ZFPlayerRotation.m in Sources */ = {isa = PBXBuildFile; fileRef = F36CD39E1E9743AE00D1F2FE /* UIViewController+ZFPlayerRotation.m */; };
		F39575A21E971F820046596C /* 456.flv in Resources */ = {isa = PBXBuildFile; fileRef = F3FB97E01E9528E700C51629 /* 456.flv */; };
		F39576491E97394E0046596C /* UIButton+MPButton.m in Sources */ = {isa = PBXBuildFile; fileRef = F39576481E97394E0046596C /* UIButton+MPButton.m */; };
		F395764C1E97399E0046596C /* UIView+CLView.m in Sources */ = {isa = PBXBuildFile; fileRef = F395764B1E97399E0046596C /* UIView+CLView.m */; };
		F39696411EA0A6EB008CE94C /* MPFastView.m in Sources */ = {isa = PBXBuildFile; fileRef = F39696401EA0A6EB008CE94C /* MPFastView.m */; };
		F39AD98F1EADF36200E30DBB /* MPFloderViewController.m in Sources */ = {isa = PBXBuildFile; fileRef = F39AD98A1EADF36200E30DBB /* MPFloderViewController.m */; };
		F39AD9901EADF36200E30DBB /* ViewController.m in Sources */ = {isa = PBXBuildFile; fileRef = F39AD98C1EADF36200E30DBB /* ViewController.m */; };
		F39AD9C01EADF3CD00E30DBB /* back_full.png in Resources */ = {isa = PBXBuildFile; fileRef = F39AD9921EADF3CD00E30DBB /* back_full.png */; };
		F39AD9C11EADF3CD00E30DBB /* back_full@2x.png in Resources */ = {isa = PBXBuildFile; fileRef = F39AD9931EADF3CD00E30DBB /* back_full@2x.png */; };
		F39AD9C21EADF3CD00E30DBB /* back_full@3x.png in Resources */ = {isa = PBXBuildFile; fileRef = F39AD9941EADF3CD00E30DBB /* back_full@3x.png */; };
		F39AD9C31EADF3CD00E30DBB /* bottom_shadow.png in Resources */ = {isa = PBXBuildFile; fileRef = F39AD9951EADF3CD00E30DBB /* bottom_shadow.png */; };
		F39AD9C41EADF3CD00E30DBB /* brightness@2x.png in Resources */ = {isa = PBXBuildFile; fileRef = F39AD9961EADF3CD00E30DBB /* brightness@2x.png */; };
		F39AD9C51EADF3CD00E30DBB /* close.png in Resources */ = {isa = PBXBuildFile; fileRef = F39AD9971EADF3CD00E30DBB /* close.png */; };
		F39AD9C61EADF3CD00E30DBB /* close@2x.png in Resources */ = {isa = PBXBuildFile; fileRef = F39AD9981EADF3CD00E30DBB /* close@2x.png */; };
		F39AD9C71EADF3CD00E30DBB /* close@3x.png in Resources */ = {isa = PBXBuildFile; fileRef = F39AD9991EADF3CD00E30DBB /* close@3x.png */; };
		F39AD9C81EADF3CD00E30DBB /* download@2x.png in Resources */ = {isa = PBXBuildFile; fileRef = F39AD99A1EADF3CD00E30DBB /* download@2x.png */; };
		F39AD9C91EADF3CD00E30DBB /* download@3x.png in Resources */ = {isa = PBXBuildFile; fileRef = F39AD99B1EADF3CD00E30DBB /* download@3x.png */; };
		F39AD9CA1EADF3CD00E30DBB /* fast_backward@2x.png in Resources */ = {isa = PBXBuildFile; fileRef = F39AD99C1EADF3CD00E30DBB /* fast_backward@2x.png */; };
		F39AD9CB1EADF3CD00E30DBB /* fast_backward@3x.png in Resources */ = {isa = PBXBuildFile; fileRef = F39AD99D1EADF3CD00E30DBB /* fast_backward@3x.png */; };
		F39AD9CC1EADF3CD00E30DBB /* fast_forward@2x.png in Resources */ = {isa = PBXBuildFile; fileRef = F39AD99E1EADF3CD00E30DBB /* fast_forward@2x.png */; };
		F39AD9CD1EADF3CD00E30DBB /* fast_forward@3x.png in Resources */ = {isa = PBXBuildFile; fileRef = F39AD99F1EADF3CD00E30DBB /* fast_forward@3x.png */; };
		F39AD9CE1EADF3CD00E30DBB /* fullscreen.png in Resources */ = {isa = PBXBuildFile; fileRef = F39AD9A01EADF3CD00E30DBB /* fullscreen.png */; };
		F39AD9CF1EADF3CD00E30DBB /* fullscreen@2x.png in Resources */ = {isa = PBXBuildFile; fileRef = F39AD9A11EADF3CD00E30DBB /* fullscreen@2x.png */; };
		F39AD9D01EADF3CD00E30DBB /* fullscreen@3x.png in Resources */ = {isa = PBXBuildFile; fileRef = F39AD9A21EADF3CD00E30DBB /* fullscreen@3x.png */; };
		F39AD9D11EADF3CD00E30DBB /* loading_bgView.jpg in Resources */ = {isa = PBXBuildFile; fileRef = F39AD9A31EADF3CD00E30DBB /* loading_bgView.jpg */; };
		F39AD9D21EADF3CD00E30DBB /* lock-nor.png in Resources */ = {isa = PBXBuildFile; fileRef = F39AD9A41EADF3CD00E30DBB /* lock-nor.png */; };
		F39AD9D31EADF3CD00E30DBB /* lock-nor@2x.png in Resources */ = {isa = PBXBuildFile; fileRef = F39AD9A51EADF3CD00E30DBB /* lock-nor@2x.png */; };
		F39AD9D41EADF3CD00E30DBB /* lock-nor@3x.png in Resources */ = {isa = PBXBuildFile; fileRef = F39AD9A61EADF3CD00E30DBB /* lock-nor@3x.png */; };
		F39AD9D51EADF3CD00E30DBB /* management_mask@2x.png in Resources */ = {isa = PBXBuildFile; fileRef = F39AD9A71EADF3CD00E30DBB /* management_mask@2x.png */; };
		F39AD9D61EADF3CD00E30DBB /* mute@2x.png in Resources */ = {isa = PBXBuildFile; fileRef = F39AD9A81EADF3CD00E30DBB /* mute@2x.png */; };
		F39AD9D71EADF3CD00E30DBB /* not_download@2x.png in Resources */ = {isa = PBXBuildFile; fileRef = F39AD9A91EADF3CD00E30DBB /* not_download@2x.png */; };
		F39AD9D81EADF3CD00E30DBB /* not_download@3x.png in Resources */ = {isa = PBXBuildFile; fileRef = F39AD9AA1EADF3CD00E30DBB /* not_download@3x.png */; };
		F39AD9D91EADF3CD00E30DBB /* pause.png in Resources */ = {isa = PBXBuildFile; fileRef = F39AD9AB1EADF3CD00E30DBB /* pause.png */; };
		F39AD9DA1EADF3CD00E30DBB /* pause@2x.png in Resources */ = {isa = PBXBuildFile; fileRef = F39AD9AC1EADF3CD00E30DBB /* pause@2x.png */; };
		F39AD9DB1EADF3CD00E30DBB /* pause@3x.png in Resources */ = {isa = PBXBuildFile; fileRef = F39AD9AD1EADF3CD00E30DBB /* pause@3x.png */; };
		F39AD9DC1EADF3CD00E30DBB /* play.png in Resources */ = {isa = PBXBuildFile; fileRef = F39AD9AE1EADF3CD00E30DBB /* play.png */; };
		F39AD9DD1EADF3CD00E30DBB /* play@2x.png in Resources */ = {isa = PBXBuildFile; fileRef = F39AD9AF1EADF3CD00E30DBB /* play@2x.png */; };
		F39AD9DE1EADF3CD00E30DBB /* play@3x.png in Resources */ = {isa = PBXBuildFile; fileRef = F39AD9B01EADF3CD00E30DBB /* play@3x.png */; };
		F39AD9DF1EADF3CD00E30DBB /* play_btn@2x.png in Resources */ = {isa = PBXBuildFile; fileRef = F39AD9B11EADF3CD00E30DBB /* play_btn@2x.png */; };
		F39AD9E01EADF3CD00E30DBB /* repeat_video.png in Resources */ = {isa = PBXBuildFile; fileRef = F39AD9B21EADF3CD00E30DBB /* repeat_video.png */; };
		F39AD9E11EADF3CD00E30DBB /* repeat_video@2x.png in Resources */ = {isa = PBXBuildFile; fileRef = F39AD9B31EADF3CD00E30DBB /* repeat_video@2x.png */; };
		F39AD9E21EADF3CD00E30DBB /* repeat_video@3x.png in Resources */ = {isa = PBXBuildFile; fileRef = F39AD9B41EADF3CD00E30DBB /* repeat_video@3x.png */; };
		F39AD9E31EADF3CD00E30DBB /* shrinkscreen.png in Resources */ = {isa = PBXBuildFile; fileRef = F39AD9B51EADF3CD00E30DBB /* shrinkscreen.png */; };
		F39AD9E41EADF3CD00E30DBB /* shrinkscreen@2x.png in Resources */ = {isa = PBXBuildFile; fileRef = F39AD9B61EADF3CD00E30DBB /* shrinkscreen@2x.png */; };
		F39AD9E51EADF3CD00E30DBB /* shrinkscreen@3x.png in Resources */ = {isa = PBXBuildFile; fileRef = F39AD9B71EADF3CD00E30DBB /* shrinkscreen@3x.png */; };
		F39AD9E61EADF3CD00E30DBB /* slider.png in Resources */ = {isa = PBXBuildFile; fileRef = F39AD9B81EADF3CD00E30DBB /* slider.png */; };
		F39AD9E71EADF3CD00E30DBB /* slider@2x.png in Resources */ = {isa = PBXBuildFile; fileRef = F39AD9B91EADF3CD00E30DBB /* slider@2x.png */; };
		F39AD9E81EADF3CD00E30DBB /* slider@3x.png in Resources */ = {isa = PBXBuildFile; fileRef = F39AD9BA1EADF3CD00E30DBB /* slider@3x.png */; };
		F39AD9E91EADF3CD00E30DBB /* top_shadow.png in Resources */ = {isa = PBXBuildFile; fileRef = F39AD9BB1EADF3CD00E30DBB /* top_shadow.png */; };
		F39AD9EA1EADF3CD00E30DBB /* unlock-nor.png in Resources */ = {isa = PBXBuildFile; fileRef = F39AD9BC1EADF3CD00E30DBB /* unlock-nor.png */; };
		F39AD9EB1EADF3CD00E30DBB /* unlock-nor@2x.png in Resources */ = {isa = PBXBuildFile; fileRef = F39AD9BD1EADF3CD00E30DBB /* unlock-nor@2x.png */; };
		F39AD9EC1EADF3CD00E30DBB /* unlock-nor@3x.png in Resources */ = {isa = PBXBuildFile; fileRef = F39AD9BE1EADF3CD00E30DBB /* unlock-nor@3x.png */; };
		F39AD9ED1EADF3CD00E30DBB /* volume@2x.png in Resources */ = {isa = PBXBuildFile; fileRef = F39AD9BF1EADF3CD00E30DBB /* volume@2x.png */; };
		F39AD9EF1EADF3D900E30DBB /* Folder@2x.png in Resources */ = {isa = PBXBuildFile; fileRef = F39AD9EE1EADF3D900E30DBB /* Folder@2x.png */; };
		F39AD9F21EADF8C300E30DBB /* MPHTTPViewController.m in Sources */ = {isa = PBXBuildFile; fileRef = F39AD9F11EADF8C300E30DBB /* MPHTTPViewController.m */; };
		F39AD9F51EADFB3300E30DBB /* MyHTTPConnection.m in Sources */ = {isa = PBXBuildFile; fileRef = F39AD9F41EADFB3300E30DBB /* MyHTTPConnection.m */; };
		F39ADA001EADFDE600E30DBB /* Web in Resources */ = {isa = PBXBuildFile; fileRef = F39AD9FF1EADFDE600E30DBB /* Web */; };
		F3AB76831E96495100DA970A /* MPSlider.m in Sources */ = {isa = PBXBuildFile; fileRef = F3AB76821E96495100DA970A /* MPSlider.m */; };
		F3FF31AF1E9B65F700E298FB /* MPBirghtness.m in Sources */ = {isa = PBXBuildFile; fileRef = F3FF31AE1E9B65F700E298FB /* MPBirghtness.m */; };
/* End PBXBuildFile section */

/* Begin PBXFileReference section */
		5FCF664A3A4C24F8097489F0 /* Pods_MobliePlayer.framework */ = {isa = PBXFileReference; explicitFileType = wrapper.framework; includeInIndex = 0; path = Pods_MobliePlayer.framework; sourceTree = BUILT_PRODUCTS_DIR; };
		9B83535BAC1EC0F7807D5978 /* Pods-MobliePlayer.release.xcconfig */ = {isa = PBXFileReference; includeInIndex = 1; lastKnownFileType = text.xcconfig; name = "Pods-MobliePlayer.release.xcconfig"; path = "Pods/Target Support Files/Pods-MobliePlayer/Pods-MobliePlayer.release.xcconfig"; sourceTree = "<group>"; };
		AFA625441982A5489E1DCAAB /* Pods-MobliePlayer.debug.xcconfig */ = {isa = PBXFileReference; includeInIndex = 1; lastKnownFileType = text.xcconfig; name = "Pods-MobliePlayer.debug.xcconfig"; path = "Pods/Target Support Files/Pods-MobliePlayer/Pods-MobliePlayer.debug.xcconfig"; sourceTree = "<group>"; };
		F3067D4A1E94CB390017CA13 /* MobliePlayer.app */ = {isa = PBXFileReference; explicitFileType = wrapper.application; includeInIndex = 0; path = MobliePlayer.app; sourceTree = BUILT_PRODUCTS_DIR; };
		F3067D4E1E94CB390017CA13 /* main.m */ = {isa = PBXFileReference; lastKnownFileType = sourcecode.c.objc; path = main.m; sourceTree = "<group>"; };
		F3067D501E94CB390017CA13 /* AppDelegate.h */ = {isa = PBXFileReference; lastKnownFileType = sourcecode.c.h; path = AppDelegate.h; sourceTree = "<group>"; };
		F3067D511E94CB390017CA13 /* AppDelegate.m */ = {isa = PBXFileReference; lastKnownFileType = sourcecode.c.objc; path = AppDelegate.m; sourceTree = "<group>"; };
		F3067D571E94CB390017CA13 /* Base */ = {isa = PBXFileReference; lastKnownFileType = file.storyboard; name = Base; path = Base.lproj/Main.storyboard; sourceTree = "<group>"; };
		F3067D591E94CB390017CA13 /* Assets.xcassets */ = {isa = PBXFileReference; lastKnownFileType = folder.assetcatalog; path = Assets.xcassets; sourceTree = "<group>"; };
		F3067D5C1E94CB390017CA13 /* Base */ = {isa = PBXFileReference; lastKnownFileType = file.storyboard; name = Base; path = Base.lproj/LaunchScreen.storyboard; sourceTree = "<group>"; };
		F3067D5E1E94CB390017CA13 /* Info.plist */ = {isa = PBXFileReference; lastKnownFileType = text.plist.xml; path = Info.plist; sourceTree = "<group>"; };
		F3067D641E94CB610017CA13 /* Podfile */ = {isa = PBXFileReference; fileEncoding = 4; lastKnownFileType = text; path = Podfile; sourceTree = "<group>"; xcLanguageSpecificationIdentifier = xcode.lang.ruby; };
		F3067D661E94CF430017CA13 /* libz.tbd */ = {isa = PBXFileReference; lastKnownFileType = "sourcecode.text-based-dylib-definition"; name = libz.tbd; path = usr/lib/libz.tbd; sourceTree = SDKROOT; };
		F3067D681E94CF4B0017CA13 /* libbz2.tbd */ = {isa = PBXFileReference; lastKnownFileType = "sourcecode.text-based-dylib-definition"; name = libbz2.tbd; path = usr/lib/libbz2.tbd; sourceTree = SDKROOT; };
		F3067D6A1E94CF540017CA13 /* libiconv.tbd */ = {isa = PBXFileReference; lastKnownFileType = "sourcecode.text-based-dylib-definition"; name = libiconv.tbd; path = usr/lib/libiconv.tbd; sourceTree = SDKROOT; };
		F3067D6C1E94CF5D0017CA13 /* libstdc++.6.0.9.tbd */ = {isa = PBXFileReference; lastKnownFileType = "sourcecode.text-based-dylib-definition"; name = "libstdc++.6.0.9.tbd"; path = "usr/lib/libstdc++.6.0.9.tbd"; sourceTree = SDKROOT; };
		F3067D741E94D4540017CA13 /* MPPlayerManager.h */ = {isa = PBXFileReference; fileEncoding = 4; lastKnownFileType = sourcecode.c.h; path = MPPlayerManager.h; sourceTree = "<group>"; };
		F3067D751E94D4540017CA13 /* MPPlayerManager.m */ = {isa = PBXFileReference; fileEncoding = 4; lastKnownFileType = sourcecode.c.objc; path = MPPlayerManager.m; sourceTree = "<group>"; };
		F3067DAB1E94E3E80017CA13 /* MPControlView.h */ = {isa = PBXFileReference; fileEncoding = 4; lastKnownFileType = sourcecode.c.h; path = MPControlView.h; sourceTree = "<group>"; };
		F3067DAC1E94E3E80017CA13 /* MPControlView.m */ = {isa = PBXFileReference; fileEncoding = 4; lastKnownFileType = sourcecode.c.objc; path = MPControlView.m; sourceTree = "<group>"; };
		F3067DAE1E94E42D0017CA13 /* MPHUDView.h */ = {isa = PBXFileReference; fileEncoding = 4; lastKnownFileType = sourcecode.c.h; path = MPHUDView.h; sourceTree = "<group>"; };
		F3067DAF1E94E42D0017CA13 /* MPHUDView.m */ = {isa = PBXFileReference; fileEncoding = 4; lastKnownFileType = sourcecode.c.objc; path = MPHUDView.m; sourceTree = "<group>"; };
		F341B04F1EA1E647005F9510 /* MPPanGestureRecognizer.h */ = {isa = PBXFileReference; fileEncoding = 4; lastKnownFileType = sourcecode.c.h; path = MPPanGestureRecognizer.h; sourceTree = "<group>"; };
		F341B0501EA1E647005F9510 /* MPPanGestureRecognizer.m */ = {isa = PBXFileReference; fileEncoding = 4; lastKnownFileType = sourcecode.c.objc; path = MPPanGestureRecognizer.m; sourceTree = "<group>"; };
		F34A82FD1E9792C9005792E9 /* MPPlayer.h */ = {isa = PBXFileReference; lastKnownFileType = sourcecode.c.h; path = MPPlayer.h; sourceTree = "<group>"; };
		F36CD3971E9743AE00D1F2FE /* UIAlertController+ZFPlayerRotation.h */ = {isa = PBXFileReference; fileEncoding = 4; lastKnownFileType = sourcecode.c.h; path = "UIAlertController+ZFPlayerRotation.h"; sourceTree = "<group>"; };
		F36CD3981E9743AE00D1F2FE /* UIAlertController+ZFPlayerRotation.m */ = {isa = PBXFileReference; fileEncoding = 4; lastKnownFileType = sourcecode.c.objc; path = "UIAlertController+ZFPlayerRotation.m"; sourceTree = "<group>"; };
		F36CD3991E9743AE00D1F2FE /* UINavigationController+ZFPlayerRotation.h */ = {isa = PBXFileReference; fileEncoding = 4; lastKnownFileType = sourcecode.c.h; path = "UINavigationController+ZFPlayerRotation.h"; sourceTree = "<group>"; };
		F36CD39A1E9743AE00D1F2FE /* UINavigationController+ZFPlayerRotation.m */ = {isa = PBXFileReference; fileEncoding = 4; lastKnownFileType = sourcecode.c.objc; path = "UINavigationController+ZFPlayerRotation.m"; sourceTree = "<group>"; };
		F36CD39B1E9743AE00D1F2FE /* UITabBarController+ZFPlayerRotation.h */ = {isa = PBXFileReference; fileEncoding = 4; lastKnownFileType = sourcecode.c.h; path = "UITabBarController+ZFPlayerRotation.h"; sourceTree = "<group>"; };
		F36CD39C1E9743AE00D1F2FE /* UITabBarController+ZFPlayerRotation.m */ = {isa = PBXFileReference; fileEncoding = 4; lastKnownFileType = sourcecode.c.objc; path = "UITabBarController+ZFPlayerRotation.m"; sourceTree = "<group>"; };
		F36CD39D1E9743AE00D1F2FE /* UIViewController+ZFPlayerRotation.h */ = {isa = PBXFileReference; fileEncoding = 4; lastKnownFileType = sourcecode.c.h; path = "UIViewController+ZFPlayerRotation.h"; sourceTree = "<group>"; };
		F36CD39E1E9743AE00D1F2FE /* UIViewController+ZFPlayerRotation.m */ = {isa = PBXFileReference; fileEncoding = 4; lastKnownFileType = sourcecode.c.objc; path = "UIViewController+ZFPlayerRotation.m"; sourceTree = "<group>"; };
		F39576471E97394E0046596C /* UIButton+MPButton.h */ = {isa = PBXFileReference; fileEncoding = 4; lastKnownFileType = sourcecode.c.h; path = "UIButton+MPButton.h"; sourceTree = "<group>"; };
		F39576481E97394E0046596C /* UIButton+MPButton.m */ = {isa = PBXFileReference; fileEncoding = 4; lastKnownFileType = sourcecode.c.objc; path = "UIButton+MPButton.m"; sourceTree = "<group>"; };
		F395764A1E97399E0046596C /* UIView+CLView.h */ = {isa = PBXFileReference; fileEncoding = 4; lastKnownFileType = sourcecode.c.h; path = "UIView+CLView.h"; sourceTree = "<group>"; };
		F395764B1E97399E0046596C /* UIView+CLView.m */ = {isa = PBXFileReference; fileEncoding = 4; lastKnownFileType = sourcecode.c.objc; path = "UIView+CLView.m"; sourceTree = "<group>"; };
		F396963F1EA0A6EB008CE94C /* MPFastView.h */ = {isa = PBXFileReference; fileEncoding = 4; lastKnownFileType = sourcecode.c.h; path = MPFastView.h; sourceTree = "<group>"; };
		F39696401EA0A6EB008CE94C /* MPFastView.m */ = {isa = PBXFileReference; fileEncoding = 4; lastKnownFileType = sourcecode.c.objc; path = MPFastView.m; sourceTree = "<group>"; };
		F39AD9891EADF36200E30DBB /* MPFloderViewController.h */ = {isa = PBXFileReference; fileEncoding = 4; lastKnownFileType = sourcecode.c.h; path = MPFloderViewController.h; sourceTree = "<group>"; };
		F39AD98A1EADF36200E30DBB /* MPFloderViewController.m */ = {isa = PBXFileReference; fileEncoding = 4; lastKnownFileType = sourcecode.c.objc; path = MPFloderViewController.m; sourceTree = "<group>"; };
		F39AD98B1EADF36200E30DBB /* ViewController.h */ = {isa = PBXFileReference; fileEncoding = 4; lastKnownFileType = sourcecode.c.h; path = ViewController.h; sourceTree = "<group>"; };
		F39AD98C1EADF36200E30DBB /* ViewController.m */ = {isa = PBXFileReference; fileEncoding = 4; lastKnownFileType = sourcecode.c.objc; path = ViewController.m; sourceTree = "<group>"; };
		F39AD9921EADF3CD00E30DBB /* back_full.png */ = {isa = PBXFileReference; lastKnownFileType = image.png; path = back_full.png; sourceTree = "<group>"; };
		F39AD9931EADF3CD00E30DBB /* back_full@2x.png */ = {isa = PBXFileReference; lastKnownFileType = image.png; path = "back_full@2x.png"; sourceTree = "<group>"; };
		F39AD9941EADF3CD00E30DBB /* back_full@3x.png */ = {isa = PBXFileReference; lastKnownFileType = image.png; path = "back_full@3x.png"; sourceTree = "<group>"; };
		F39AD9951EADF3CD00E30DBB /* bottom_shadow.png */ = {isa = PBXFileReference; lastKnownFileType = image.png; path = bottom_shadow.png; sourceTree = "<group>"; };
		F39AD9961EADF3CD00E30DBB /* brightness@2x.png */ = {isa = PBXFileReference; lastKnownFileType = image.png; path = "brightness@2x.png"; sourceTree = "<group>"; };
		F39AD9971EADF3CD00E30DBB /* close.png */ = {isa = PBXFileReference; lastKnownFileType = image.png; path = close.png; sourceTree = "<group>"; };
		F39AD9981EADF3CD00E30DBB /* close@2x.png */ = {isa = PBXFileReference; lastKnownFileType = image.png; path = "close@2x.png"; sourceTree = "<group>"; };
		F39AD9991EADF3CD00E30DBB /* close@3x.png */ = {isa = PBXFileReference; lastKnownFileType = image.png; path = "close@3x.png"; sourceTree = "<group>"; };
		F39AD99A1EADF3CD00E30DBB /* download@2x.png */ = {isa = PBXFileReference; lastKnownFileType = image.png; path = "download@2x.png"; sourceTree = "<group>"; };
		F39AD99B1EADF3CD00E30DBB /* download@3x.png */ = {isa = PBXFileReference; lastKnownFileType = image.png; path = "download@3x.png"; sourceTree = "<group>"; };
		F39AD99C1EADF3CD00E30DBB /* fast_backward@2x.png */ = {isa = PBXFileReference; lastKnownFileType = image.png; path = "fast_backward@2x.png"; sourceTree = "<group>"; };
		F39AD99D1EADF3CD00E30DBB /* fast_backward@3x.png */ = {isa = PBXFileReference; lastKnownFileType = image.png; path = "fast_backward@3x.png"; sourceTree = "<group>"; };
		F39AD99E1EADF3CD00E30DBB /* fast_forward@2x.png */ = {isa = PBXFileReference; lastKnownFileType = image.png; path = "fast_forward@2x.png"; sourceTree = "<group>"; };
		F39AD99F1EADF3CD00E30DBB /* fast_forward@3x.png */ = {isa = PBXFileReference; lastKnownFileType = image.png; path = "fast_forward@3x.png"; sourceTree = "<group>"; };
		F39AD9A01EADF3CD00E30DBB /* fullscreen.png */ = {isa = PBXFileReference; lastKnownFileType = image.png; path = fullscreen.png; sourceTree = "<group>"; };
		F39AD9A11EADF3CD00E30DBB /* fullscreen@2x.png */ = {isa = PBXFileReference; lastKnownFileType = image.png; path = "fullscreen@2x.png"; sourceTree = "<group>"; };
		F39AD9A21EADF3CD00E30DBB /* fullscreen@3x.png */ = {isa = PBXFileReference; lastKnownFileType = image.png; path = "fullscreen@3x.png"; sourceTree = "<group>"; };
		F39AD9A31EADF3CD00E30DBB /* loading_bgView.jpg */ = {isa = PBXFileReference; lastKnownFileType = image.jpeg; path = loading_bgView.jpg; sourceTree = "<group>"; };
		F39AD9A41EADF3CD00E30DBB /* lock-nor.png */ = {isa = PBXFileReference; lastKnownFileType = image.png; path = "lock-nor.png"; sourceTree = "<group>"; };
		F39AD9A51EADF3CD00E30DBB /* lock-nor@2x.png */ = {isa = PBXFileReference; lastKnownFileType = image.png; path = "lock-nor@2x.png"; sourceTree = "<group>"; };
		F39AD9A61EADF3CD00E30DBB /* lock-nor@3x.png */ = {isa = PBXFileReference; lastKnownFileType = image.png; path = "lock-nor@3x.png"; sourceTree = "<group>"; };
		F39AD9A71EADF3CD00E30DBB /* management_mask@2x.png */ = {isa = PBXFileReference; lastKnownFileType = image.png; path = "management_mask@2x.png"; sourceTree = "<group>"; };
		F39AD9A81EADF3CD00E30DBB /* mute@2x.png */ = {isa = PBXFileReference; lastKnownFileType = image.png; path = "mute@2x.png"; sourceTree = "<group>"; };
		F39AD9A91EADF3CD00E30DBB /* not_download@2x.png */ = {isa = PBXFileReference; lastKnownFileType = image.png; path = "not_download@2x.png"; sourceTree = "<group>"; };
		F39AD9AA1EADF3CD00E30DBB /* not_download@3x.png */ = {isa = PBXFileReference; lastKnownFileType = image.png; path = "not_download@3x.png"; sourceTree = "<group>"; };
		F39AD9AB1EADF3CD00E30DBB /* pause.png */ = {isa = PBXFileReference; lastKnownFileType = image.png; path = pause.png; sourceTree = "<group>"; };
		F39AD9AC1EADF3CD00E30DBB /* pause@2x.png */ = {isa = PBXFileReference; lastKnownFileType = image.png; path = "pause@2x.png"; sourceTree = "<group>"; };
		F39AD9AD1EADF3CD00E30DBB /* pause@3x.png */ = {isa = PBXFileReference; lastKnownFileType = image.png; path = "pause@3x.png"; sourceTree = "<group>"; };
		F39AD9AE1EADF3CD00E30DBB /* play.png */ = {isa = PBXFileReference; lastKnownFileType = image.png; path = play.png; sourceTree = "<group>"; };
		F39AD9AF1EADF3CD00E30DBB /* play@2x.png */ = {isa = PBXFileReference; lastKnownFileType = image.png; path = "play@2x.png"; sourceTree = "<group>"; };
		F39AD9B01EADF3CD00E30DBB /* play@3x.png */ = {isa = PBXFileReference; lastKnownFileType = image.png; path = "play@3x.png"; sourceTree = "<group>"; };
		F39AD9B11EADF3CD00E30DBB /* play_btn@2x.png */ = {isa = PBXFileReference; lastKnownFileType = image.png; path = "play_btn@2x.png"; sourceTree = "<group>"; };
		F39AD9B21EADF3CD00E30DBB /* repeat_video.png */ = {isa = PBXFileReference; lastKnownFileType = image.png; path = repeat_video.png; sourceTree = "<group>"; };
		F39AD9B31EADF3CD00E30DBB /* repeat_video@2x.png */ = {isa = PBXFileReference; lastKnownFileType = image.png; path = "repeat_video@2x.png"; sourceTree = "<group>"; };
		F39AD9B41EADF3CD00E30DBB /* repeat_video@3x.png */ = {isa = PBXFileReference; lastKnownFileType = image.png; path = "repeat_video@3x.png"; sourceTree = "<group>"; };
		F39AD9B51EADF3CD00E30DBB /* shrinkscreen.png */ = {isa = PBXFileReference; lastKnownFileType = image.png; path = shrinkscreen.png; sourceTree = "<group>"; };
		F39AD9B61EADF3CD00E30DBB /* shrinkscreen@2x.png */ = {isa = PBXFileReference; lastKnownFileType = image.png; path = "shrinkscreen@2x.png"; sourceTree = "<group>"; };
		F39AD9B71EADF3CD00E30DBB /* shrinkscreen@3x.png */ = {isa = PBXFileReference; lastKnownFileType = image.png; path = "shrinkscreen@3x.png"; sourceTree = "<group>"; };
		F39AD9B81EADF3CD00E30DBB /* slider.png */ = {isa = PBXFileReference; lastKnownFileType = image.png; path = slider.png; sourceTree = "<group>"; };
		F39AD9B91EADF3CD00E30DBB /* slider@2x.png */ = {isa = PBXFileReference; lastKnownFileType = image.png; path = "slider@2x.png"; sourceTree = "<group>"; };
		F39AD9BA1EADF3CD00E30DBB /* slider@3x.png */ = {isa = PBXFileReference; lastKnownFileType = image.png; path = "slider@3x.png"; sourceTree = "<group>"; };
		F39AD9BB1EADF3CD00E30DBB /* top_shadow.png */ = {isa = PBXFileReference; lastKnownFileType = image.png; path = top_shadow.png; sourceTree = "<group>"; };
		F39AD9BC1EADF3CD00E30DBB /* unlock-nor.png */ = {isa = PBXFileReference; lastKnownFileType = image.png; path = "unlock-nor.png"; sourceTree = "<group>"; };
		F39AD9BD1EADF3CD00E30DBB /* unlock-nor@2x.png */ = {isa = PBXFileReference; lastKnownFileType = image.png; path = "unlock-nor@2x.png"; sourceTree = "<group>"; };
		F39AD9BE1EADF3CD00E30DBB /* unlock-nor@3x.png */ = {isa = PBXFileReference; lastKnownFileType = image.png; path = "unlock-nor@3x.png"; sourceTree = "<group>"; };
		F39AD9BF1EADF3CD00E30DBB /* volume@2x.png */ = {isa = PBXFileReference; lastKnownFileType = image.png; path = "volume@2x.png"; sourceTree = "<group>"; };
		F39AD9EE1EADF3D900E30DBB /* Folder@2x.png */ = {isa = PBXFileReference; lastKnownFileType = image.png; path = "Folder@2x.png"; sourceTree = "<group>"; };
		F39AD9F01EADF8C300E30DBB /* MPHTTPViewController.h */ = {isa = PBXFileReference; fileEncoding = 4; lastKnownFileType = sourcecode.c.h; path = MPHTTPViewController.h; sourceTree = "<group>"; };
		F39AD9F11EADF8C300E30DBB /* MPHTTPViewController.m */ = {isa = PBXFileReference; fileEncoding = 4; lastKnownFileType = sourcecode.c.objc; path = MPHTTPViewController.m; sourceTree = "<group>"; };
		F39AD9F31EADFB3300E30DBB /* MyHTTPConnection.h */ = {isa = PBXFileReference; fileEncoding = 4; lastKnownFileType = sourcecode.c.h; path = MyHTTPConnection.h; sourceTree = "<group>"; };
		F39AD9F41EADFB3300E30DBB /* MyHTTPConnection.m */ = {isa = PBXFileReference; fileEncoding = 4; lastKnownFileType = sourcecode.c.objc; path = MyHTTPConnection.m; sourceTree = "<group>"; };
		F39AD9FF1EADFDE600E30DBB /* Web */ = {isa = PBXFileReference; lastKnownFileType = folder; path = Web; sourceTree = "<group>"; };
		F3AB76811E96495100DA970A /* MPSlider.h */ = {isa = PBXFileReference; fileEncoding = 4; lastKnownFileType = sourcecode.c.h; path = MPSlider.h; sourceTree = "<group>"; };
		F3AB76821E96495100DA970A /* MPSlider.m */ = {isa = PBXFileReference; fileEncoding = 4; lastKnownFileType = sourcecode.c.objc; path = MPSlider.m; sourceTree = "<group>"; };
		F3FB97E01E9528E700C51629 /* 456.flv */ = {isa = PBXFileReference; lastKnownFileType = file; path = 456.flv; sourceTree = "<group>"; };
		F3FF31AD1E9B65F700E298FB /* MPBirghtness.h */ = {isa = PBXFileReference; fileEncoding = 4; lastKnownFileType = sourcecode.c.h; path = MPBirghtness.h; sourceTree = "<group>"; };
		F3FF31AE1E9B65F700E298FB /* MPBirghtness.m */ = {isa = PBXFileReference; fileEncoding = 4; lastKnownFileType = sourcecode.c.objc; path = MPBirghtness.m; sourceTree = "<group>"; };
/* End PBXFileReference section */

/* Begin PBXFrameworksBuildPhase section */
		F3067D471E94CB390017CA13 /* Frameworks */ = {
			isa = PBXFrameworksBuildPhase;
			buildActionMask = 2147483647;
			files = (
				F3067D6D1E94CF5D0017CA13 /* libstdc++.6.0.9.tbd in Frameworks */,
				F3067D6B1E94CF540017CA13 /* libiconv.tbd in Frameworks */,
				F3067D691E94CF4B0017CA13 /* libbz2.tbd in Frameworks */,
				F3067D671E94CF430017CA13 /* libz.tbd in Frameworks */,
				528B3BD01BA13FB12BBF524E /* Pods_MobliePlayer.framework in Frameworks */,
			);
			runOnlyForDeploymentPostprocessing = 0;
		};
/* End PBXFrameworksBuildPhase section */

/* Begin PBXGroup section */
		2DDADD0745CF476ECF15F69B /* Frameworks */ = {
			isa = PBXGroup;
			children = (
				F3067D6C1E94CF5D0017CA13 /* libstdc++.6.0.9.tbd */,
				F3067D6A1E94CF540017CA13 /* libiconv.tbd */,
				F3067D681E94CF4B0017CA13 /* libbz2.tbd */,
				F3067D661E94CF430017CA13 /* libz.tbd */,
				5FCF664A3A4C24F8097489F0 /* Pods_MobliePlayer.framework */,
			);
			name = Frameworks;
			sourceTree = "<group>";
		};
		68BB11C83EE4D1EAE7254701 /* Pods */ = {
			isa = PBXGroup;
			children = (
				AFA625441982A5489E1DCAAB /* Pods-MobliePlayer.debug.xcconfig */,
				9B83535BAC1EC0F7807D5978 /* Pods-MobliePlayer.release.xcconfig */,
			);
			name = Pods;
			sourceTree = "<group>";
		};
		F3067D411E94CB390017CA13 = {
			isa = PBXGroup;
			children = (
				F3067D641E94CB610017CA13 /* Podfile */,
				F3067D4C1E94CB390017CA13 /* MobliePlayer */,
				F3067D4B1E94CB390017CA13 /* Products */,
				68BB11C83EE4D1EAE7254701 /* Pods */,
				2DDADD0745CF476ECF15F69B /* Frameworks */,
			);
			sourceTree = "<group>";
		};
		F3067D4B1E94CB390017CA13 /* Products */ = {
			isa = PBXGroup;
			children = (
				F3067D4A1E94CB390017CA13 /* MobliePlayer.app */,
			);
			name = Products;
			sourceTree = "<group>";
		};
		F3067D4C1E94CB390017CA13 /* MobliePlayer */ = {
			isa = PBXGroup;
			children = (
				F3FB97E01E9528E700C51629 /* 456.flv */,
				F39AD9911EADF3CD00E30DBB /* imageSource */,
				F3067D701E94D4250017CA13 /* VLCPlayer */,
				F39AD9871EADF36200E30DBB /* Main */,
				F3067D501E94CB390017CA13 /* AppDelegate.h */,
				F3067D511E94CB390017CA13 /* AppDelegate.m */,
				F3067D561E94CB390017CA13 /* Main.storyboard */,
				F3067D591E94CB390017CA13 /* Assets.xcassets */,
				F3067D5B1E94CB390017CA13 /* LaunchScreen.storyboard */,
				F3067D5E1E94CB390017CA13 /* Info.plist */,
				F3067D4D1E94CB390017CA13 /* Supporting Files */,
			);
			path = MobliePlayer;
			sourceTree = "<group>";
		};
		F3067D4D1E94CB390017CA13 /* Supporting Files */ = {
			isa = PBXGroup;
			children = (
				F3067D4E1E94CB390017CA13 /* main.m */,
			);
			name = "Supporting Files";
			sourceTree = "<group>";
		};
		F3067D701E94D4250017CA13 /* VLCPlayer */ = {
			isa = PBXGroup;
			children = (
				F39576461E97393D0046596C /* category */,
				F3067D711E94D4250017CA13 /* controller */,
				F3067D721E94D4250017CA13 /* model */,
				F3067D731E94D4250017CA13 /* view */,
			);
			path = VLCPlayer;
			sourceTree = "<group>";
		};
		F3067D711E94D4250017CA13 /* controller */ = {
			isa = PBXGroup;
			children = (
				F34A82FD1E9792C9005792E9 /* MPPlayer.h */,
				F3067D741E94D4540017CA13 /* MPPlayerManager.h */,
				F3067D751E94D4540017CA13 /* MPPlayerManager.m */,
				F3067DAB1E94E3E80017CA13 /* MPControlView.h */,
				F3067DAC1E94E3E80017CA13 /* MPControlView.m */,
				F3067DAE1E94E42D0017CA13 /* MPHUDView.h */,
				F3067DAF1E94E42D0017CA13 /* MPHUDView.m */,
				F3AB76811E96495100DA970A /* MPSlider.h */,
				F3AB76821E96495100DA970A /* MPSlider.m */,
				F3FF31AD1E9B65F700E298FB /* MPBirghtness.h */,
				F3FF31AE1E9B65F700E298FB /* MPBirghtness.m */,
				F396963F1EA0A6EB008CE94C /* MPFastView.h */,
				F39696401EA0A6EB008CE94C /* MPFastView.m */,
				F341B04F1EA1E647005F9510 /* MPPanGestureRecognizer.h */,
				F341B0501EA1E647005F9510 /* MPPanGestureRecognizer.m */,
			);
			path = controller;
			sourceTree = "<group>";
		};
		F3067D721E94D4250017CA13 /* model */ = {
			isa = PBXGroup;
			children = (
			);
			path = model;
			sourceTree = "<group>";
		};
		F3067D731E94D4250017CA13 /* view */ = {
			isa = PBXGroup;
			children = (
			);
			path = view;
			sourceTree = "<group>";
		};
		F39576461E97393D0046596C /* category */ = {
			isa = PBXGroup;
			children = (
				F36CD3971E9743AE00D1F2FE /* UIAlertController+ZFPlayerRotation.h */,
				F36CD3981E9743AE00D1F2FE /* UIAlertController+ZFPlayerRotation.m */,
				F36CD3991E9743AE00D1F2FE /* UINavigationController+ZFPlayerRotation.h */,
				F36CD39A1E9743AE00D1F2FE /* UINavigationController+ZFPlayerRotation.m */,
				F36CD39B1E9743AE00D1F2FE /* UITabBarController+ZFPlayerRotation.h */,
				F36CD39C1E9743AE00D1F2FE /* UITabBarController+ZFPlayerRotation.m */,
				F36CD39D1E9743AE00D1F2FE /* UIViewController+ZFPlayerRotation.h */,
				F36CD39E1E9743AE00D1F2FE /* UIViewController+ZFPlayerRotation.m */,
				F39576471E97394E0046596C /* UIButton+MPButton.h */,
				F39576481E97394E0046596C /* UIButton+MPButton.m */,
				F395764A1E97399E0046596C /* UIView+CLView.h */,
				F395764B1E97399E0046596C /* UIView+CLView.m */,
			);
			path = category;
			sourceTree = "<group>";
		};
		F39AD9871EADF36200E30DBB /* Main */ = {
			isa = PBXGroup;
			children = (
				F39AD9881EADF36200E30DBB /* controller */,
				F39AD98D1EADF36200E30DBB /* model */,
				F39AD98E1EADF36200E30DBB /* view */,
			);
			path = Main;
			sourceTree = "<group>";
		};
		F39AD9881EADF36200E30DBB /* controller */ = {
			isa = PBXGroup;
			children = (
				F39AD9891EADF36200E30DBB /* MPFloderViewController.h */,
				F39AD98A1EADF36200E30DBB /* MPFloderViewController.m */,
				F39AD98B1EADF36200E30DBB /* ViewController.h */,
				F39AD98C1EADF36200E30DBB /* ViewController.m */,
				F39AD9F01EADF8C300E30DBB /* MPHTTPViewController.h */,
				F39AD9F11EADF8C300E30DBB /* MPHTTPViewController.m */,
			);
			path = controller;
			sourceTree = "<group>";
		};
		F39AD98D1EADF36200E30DBB /* model */ = {
			isa = PBXGroup;
			children = (
				F39AD9F31EADFB3300E30DBB /* MyHTTPConnection.h */,
				F39AD9F41EADFB3300E30DBB /* MyHTTPConnection.m */,
			);
			path = model;
			sourceTree = "<group>";
		};
		F39AD98E1EADF36200E30DBB /* view */ = {
			isa = PBXGroup;
			children = (
				F39AD9FF1EADFDE600E30DBB /* Web */,
			);
			path = view;
			sourceTree = "<group>";
		};
		F39AD9911EADF3CD00E30DBB /* imageSource */ = {
			isa = PBXGroup;
			children = (
				F39AD9EE1EADF3D900E30DBB /* Folder@2x.png */,
				F39AD9921EADF3CD00E30DBB /* back_full.png */,
				F39AD9931EADF3CD00E30DBB /* back_full@2x.png */,
				F39AD9941EADF3CD00E30DBB /* back_full@3x.png */,
				F39AD9951EADF3CD00E30DBB /* bottom_shadow.png */,
				F39AD9961EADF3CD00E30DBB /* brightness@2x.png */,
				F39AD9971EADF3CD00E30DBB /* close.png */,
				F39AD9981EADF3CD00E30DBB /* close@2x.png */,
				F39AD9991EADF3CD00E30DBB /* close@3x.png */,
				F39AD99A1EADF3CD00E30DBB /* download@2x.png */,
				F39AD99B1EADF3CD00E30DBB /* download@3x.png */,
				F39AD99C1EADF3CD00E30DBB /* fast_backward@2x.png */,
				F39AD99D1EADF3CD00E30DBB /* fast_backward@3x.png */,
				F39AD99E1EADF3CD00E30DBB /* fast_forward@2x.png */,
				F39AD99F1EADF3CD00E30DBB /* fast_forward@3x.png */,
				F39AD9A01EADF3CD00E30DBB /* fullscreen.png */,
				F39AD9A11EADF3CD00E30DBB /* fullscreen@2x.png */,
				F39AD9A21EADF3CD00E30DBB /* fullscreen@3x.png */,
				F39AD9A31EADF3CD00E30DBB /* loading_bgView.jpg */,
				F39AD9A41EADF3CD00E30DBB /* lock-nor.png */,
				F39AD9A51EADF3CD00E30DBB /* lock-nor@2x.png */,
				F39AD9A61EADF3CD00E30DBB /* lock-nor@3x.png */,
				F39AD9A71EADF3CD00E30DBB /* management_mask@2x.png */,
				F39AD9A81EADF3CD00E30DBB /* mute@2x.png */,
				F39AD9A91EADF3CD00E30DBB /* not_download@2x.png */,
				F39AD9AA1EADF3CD00E30DBB /* not_download@3x.png */,
				F39AD9AB1EADF3CD00E30DBB /* pause.png */,
				F39AD9AC1EADF3CD00E30DBB /* pause@2x.png */,
				F39AD9AD1EADF3CD00E30DBB /* pause@3x.png */,
				F39AD9AE1EADF3CD00E30DBB /* play.png */,
				F39AD9AF1EADF3CD00E30DBB /* play@2x.png */,
				F39AD9B01EADF3CD00E30DBB /* play@3x.png */,
				F39AD9B11EADF3CD00E30DBB /* play_btn@2x.png */,
				F39AD9B21EADF3CD00E30DBB /* repeat_video.png */,
				F39AD9B31EADF3CD00E30DBB /* repeat_video@2x.png */,
				F39AD9B41EADF3CD00E30DBB /* repeat_video@3x.png */,
				F39AD9B51EADF3CD00E30DBB /* shrinkscreen.png */,
				F39AD9B61EADF3CD00E30DBB /* shrinkscreen@2x.png */,
				F39AD9B71EADF3CD00E30DBB /* shrinkscreen@3x.png */,
				F39AD9B81EADF3CD00E30DBB /* slider.png */,
				F39AD9B91EADF3CD00E30DBB /* slider@2x.png */,
				F39AD9BA1EADF3CD00E30DBB /* slider@3x.png */,
				F39AD9BB1EADF3CD00E30DBB /* top_shadow.png */,
				F39AD9BC1EADF3CD00E30DBB /* unlock-nor.png */,
				F39AD9BD1EADF3CD00E30DBB /* unlock-nor@2x.png */,
				F39AD9BE1EADF3CD00E30DBB /* unlock-nor@3x.png */,
				F39AD9BF1EADF3CD00E30DBB /* volume@2x.png */,
			);
			path = imageSource;
			sourceTree = "<group>";
		};
/* End PBXGroup section */

/* Begin PBXNativeTarget section */
		F3067D491E94CB390017CA13 /* MobliePlayer */ = {
			isa = PBXNativeTarget;
			buildConfigurationList = F3067D611E94CB390017CA13 /* Build configuration list for PBXNativeTarget "MobliePlayer" */;
			buildPhases = (
				14E02C6DB69682C0769C4925 /* [CP] Check Pods Manifest.lock */,
				F3067D461E94CB390017CA13 /* Sources */,
				F3067D471E94CB390017CA13 /* Frameworks */,
				F3067D481E94CB390017CA13 /* Resources */,
				DB49265D7303C79F6FA90596 /* [CP] Embed Pods Frameworks */,
				D3F0F3019F2012098BA32F8C /* [CP] Copy Pods Resources */,
			);
			buildRules = (
			);
			dependencies = (
			);
			name = MobliePlayer;
			productName = MobliePlayer;
			productReference = F3067D4A1E94CB390017CA13 /* MobliePlayer.app */;
			productType = "com.apple.product-type.application";
		};
/* End PBXNativeTarget section */

/* Begin PBXProject section */
		F3067D421E94CB390017CA13 /* Project object */ = {
			isa = PBXProject;
			attributes = {
				CLASSPREFIX = MP;
				LastUpgradeCheck = 0820;
				ORGANIZATIONNAME = conglei;
				TargetAttributes = {
					F3067D491E94CB390017CA13 = {
						CreatedOnToolsVersion = 7.2.1;
						DevelopmentTeam = MXQYK37KH7;
					};
				};
			};
			buildConfigurationList = F3067D451E94CB390017CA13 /* Build configuration list for PBXProject "MobliePlayer" */;
			compatibilityVersion = "Xcode 3.2";
			developmentRegion = English;
			hasScannedForEncodings = 0;
			knownRegions = (
				en,
				Base,
			);
			mainGroup = F3067D411E94CB390017CA13;
			productRefGroup = F3067D4B1E94CB390017CA13 /* Products */;
			projectDirPath = "";
			projectRoot = "";
			targets = (
				F3067D491E94CB390017CA13 /* MobliePlayer */,
			);
		};
/* End PBXProject section */

/* Begin PBXResourcesBuildPhase section */
		F3067D481E94CB390017CA13 /* Resources */ = {
			isa = PBXResourcesBuildPhase;
			buildActionMask = 2147483647;
			files = (
				F39AD9E61EADF3CD00E30DBB /* slider.png in Resources */,
				F39AD9DD1EADF3CD00E30DBB /* play@2x.png in Resources */,
				F39AD9E11EADF3CD00E30DBB /* repeat_video@2x.png in Resources */,
				F39AD9CB1EADF3CD00E30DBB /* fast_backward@3x.png in Resources */,
				F39AD9E81EADF3CD00E30DBB /* slider@3x.png in Resources */,
				F39AD9E31EADF3CD00E30DBB /* shrinkscreen.png in Resources */,
				F39ADA001EADFDE600E30DBB /* Web in Resources */,
				F39AD9DC1EADF3CD00E30DBB /* play.png in Resources */,
				F39AD9DB1EADF3CD00E30DBB /* pause@3x.png in Resources */,
				F39575A21E971F820046596C /* 456.flv in Resources */,
				F39AD9E51EADF3CD00E30DBB /* shrinkscreen@3x.png in Resources */,
				F39AD9EF1EADF3D900E30DBB /* Folder@2x.png in Resources */,
				F39AD9D91EADF3CD00E30DBB /* pause.png in Resources */,
				F39AD9ED1EADF3CD00E30DBB /* volume@2x.png in Resources */,
				F39AD9D01EADF3CD00E30DBB /* fullscreen@3x.png in Resources */,
				F39AD9C21EADF3CD00E30DBB /* back_full@3x.png in Resources */,
				F39AD9EC1EADF3CD00E30DBB /* unlock-nor@3x.png in Resources */,
				F39AD9E01EADF3CD00E30DBB /* repeat_video.png in Resources */,
				F3067D5D1E94CB390017CA13 /* LaunchScreen.storyboard in Resources */,
				F39AD9CC1EADF3CD00E30DBB /* fast_forward@2x.png in Resources */,
				F39AD9DA1EADF3CD00E30DBB /* pause@2x.png in Resources */,
				F39AD9D41EADF3CD00E30DBB /* lock-nor@3x.png in Resources */,
				F39AD9E71EADF3CD00E30DBB /* slider@2x.png in Resources */,
				F39AD9C61EADF3CD00E30DBB /* close@2x.png in Resources */,
				F39AD9E91EADF3CD00E30DBB /* top_shadow.png in Resources */,
				F39AD9C81EADF3CD00E30DBB /* download@2x.png in Resources */,
				F39AD9DF1EADF3CD00E30DBB /* play_btn@2x.png in Resources */,
				F39AD9CF1EADF3CD00E30DBB /* fullscreen@2x.png in Resources */,
				F39AD9C41EADF3CD00E30DBB /* brightness@2x.png in Resources */,
				F39AD9EA1EADF3CD00E30DBB /* unlock-nor.png in Resources */,
				F39AD9D81EADF3CD00E30DBB /* not_download@3x.png in Resources */,
				F39AD9C31EADF3CD00E30DBB /* bottom_shadow.png in Resources */,
				F39AD9D71EADF3CD00E30DBB /* not_download@2x.png in Resources */,
				F39AD9C71EADF3CD00E30DBB /* close@3x.png in Resources */,
				F39AD9D21EADF3CD00E30DBB /* lock-nor.png in Resources */,
				F39AD9C51EADF3CD00E30DBB /* close.png in Resources */,
				F39AD9EB1EADF3CD00E30DBB /* unlock-nor@2x.png in Resources */,
				F3067D5A1E94CB390017CA13 /* Assets.xcassets in Resources */,
				F39AD9DE1EADF3CD00E30DBB /* play@3x.png in Resources */,
				F39AD9D11EADF3CD00E30DBB /* loading_bgView.jpg in Resources */,
				F39AD9C01EADF3CD00E30DBB /* back_full.png in Resources */,
				F3067D651E94CB610017CA13 /* Podfile in Resources */,
				F39AD9D61EADF3CD00E30DBB /* mute@2x.png in Resources */,
				F39AD9C11EADF3CD00E30DBB /* back_full@2x.png in Resources */,
				F39AD9E41EADF3CD00E30DBB /* shrinkscreen@2x.png in Resources */,
				F39AD9E21EADF3CD00E30DBB /* repeat_video@3x.png in Resources */,
				F39AD9CA1EADF3CD00E30DBB /* fast_backward@2x.png in Resources */,
				F39AD9D51EADF3CD00E30DBB /* management_mask@2x.png in Resources */,
				F39AD9CE1EADF3CD00E30DBB /* fullscreen.png in Resources */,
				F39AD9CD1EADF3CD00E30DBB /* fast_forward@3x.png in Resources */,
				F39AD9C91EADF3CD00E30DBB /* download@3x.png in Resources */,
				F3067D581E94CB390017CA13 /* Main.storyboard in Resources */,
				F39AD9D31EADF3CD00E30DBB /* lock-nor@2x.png in Resources */,
			);
			runOnlyForDeploymentPostprocessing = 0;
		};
/* End PBXResourcesBuildPhase section */

/* Begin PBXShellScriptBuildPhase section */
		14E02C6DB69682C0769C4925 /* [CP] Check Pods Manifest.lock */ = {
			isa = PBXShellScriptBuildPhase;
			buildActionMask = 2147483647;
			files = (
			);
			inputPaths = (
			);
			name = "[CP] Check Pods Manifest.lock";
			outputPaths = (
			);
			runOnlyForDeploymentPostprocessing = 0;
			shellPath = /bin/sh;
			shellScript = "diff \"${PODS_ROOT}/../Podfile.lock\" \"${PODS_ROOT}/Manifest.lock\" > /dev/null\nif [ $? != 0 ] ; then\n    # print error to STDERR\n    echo \"error: The sandbox is not in sync with the Podfile.lock. Run 'pod install' or update your CocoaPods installation.\" >&2\n    exit 1\nfi\n";
			showEnvVarsInLog = 0;
		};
		D3F0F3019F2012098BA32F8C /* [CP] Copy Pods Resources */ = {
			isa = PBXShellScriptBuildPhase;
			buildActionMask = 2147483647;
			files = (
			);
			inputPaths = (
			);
			name = "[CP] Copy Pods Resources";
			outputPaths = (
			);
			runOnlyForDeploymentPostprocessing = 0;
			shellPath = /bin/sh;
			shellScript = "\"${SRCROOT}/Pods/Target Support Files/Pods-MobliePlayer/Pods-MobliePlayer-resources.sh\"\n";
			showEnvVarsInLog = 0;
		};
		DB49265D7303C79F6FA90596 /* [CP] Embed Pods Frameworks */ = {
			isa = PBXShellScriptBuildPhase;
			buildActionMask = 2147483647;
			files = (
			);
			inputPaths = (
			);
			name = "[CP] Embed Pods Frameworks";
			outputPaths = (
			);
			runOnlyForDeploymentPostprocessing = 0;
			shellPath = /bin/sh;
			shellScript = "\"${SRCROOT}/Pods/Target Support Files/Pods-MobliePlayer/Pods-MobliePlayer-frameworks.sh\"\n";
			showEnvVarsInLog = 0;
		};
/* End PBXShellScriptBuildPhase section */

/* Begin PBXSourcesBuildPhase section */
		F3067D461E94CB390017CA13 /* Sources */ = {
			isa = PBXSourcesBuildPhase;
			buildActionMask = 2147483647;
			files = (
				F39AD9901EADF36200E30DBB /* ViewController.m in Sources */,
				F36CD3A11E9743AE00D1F2FE /* UITabBarController+ZFPlayerRotation.m in Sources */,
				F3067DAD1E94E3E80017CA13 /* MPControlView.m in Sources */,
				F3067D761E94D4540017CA13 /* MPPlayerManager.m in Sources */,
				F3067DB01E94E42D0017CA13 /* MPHUDView.m in Sources */,
				F3067D521E94CB390017CA13 /* AppDelegate.m in Sources */,
				F341B0511EA1E647005F9510 /* MPPanGestureRecognizer.m in Sources */,
				F3AB76831E96495100DA970A /* MPSlider.m in Sources */,
				F39576491E97394E0046596C /* UIButton+MPButton.m in Sources */,
				F3FF31AF1E9B65F700E298FB /* MPBirghtness.m in Sources */,
				F395764C1E97399E0046596C /* UIView+CLView.m in Sources */,
				F3067D4F1E94CB390017CA13 /* main.m in Sources */,
				F39AD98F1EADF36200E30DBB /* MPFloderViewController.m in Sources */,
				F36CD3A01E9743AE00D1F2FE /* UINavigationController+ZFPlayerRotation.m in Sources */,
				F39696411EA0A6EB008CE94C /* MPFastView.m in Sources */,
				F39AD9F21EADF8C300E30DBB /* MPHTTPViewController.m in Sources */,
				F36CD39F1E9743AE00D1F2FE /* UIAlertController+ZFPlayerRotation.m in Sources */,
				F36CD3A21E9743AE00D1F2FE /* UIViewController+ZFPlayerRotation.m in Sources */,
				F39AD9F51EADFB3300E30DBB /* MyHTTPConnection.m in Sources */,
			);
			runOnlyForDeploymentPostprocessing = 0;
		};
/* End PBXSourcesBuildPhase section */

/* Begin PBXVariantGroup section */
		F3067D561E94CB390017CA13 /* Main.storyboard */ = {
			isa = PBXVariantGroup;
			children = (
				F3067D571E94CB390017CA13 /* Base */,
			);
			name = Main.storyboard;
			sourceTree = "<group>";
		};
		F3067D5B1E94CB390017CA13 /* LaunchScreen.storyboard */ = {
			isa = PBXVariantGroup;
			children = (
				F3067D5C1E94CB390017CA13 /* Base */,
			);
			name = LaunchScreen.storyboard;
			sourceTree = "<group>";
		};
/* End PBXVariantGroup section */

/* Begin XCBuildConfiguration section */
		F3067D5F1E94CB390017CA13 /* Debug */ = {
			isa = XCBuildConfiguration;
			buildSettings = {
				ALWAYS_SEARCH_USER_PATHS = NO;
				CLANG_CXX_LANGUAGE_STANDARD = "gnu++0x";
				CLANG_CXX_LIBRARY = "libc++";
				CLANG_ENABLE_MODULES = YES;
				CLANG_ENABLE_OBJC_ARC = YES;
				CLANG_WARN_BOOL_CONVERSION = YES;
				CLANG_WARN_CONSTANT_CONVERSION = YES;
				CLANG_WARN_DIRECT_OBJC_ISA_USAGE = YES_ERROR;
				CLANG_WARN_EMPTY_BODY = YES;
				CLANG_WARN_ENUM_CONVERSION = YES;
				CLANG_WARN_INFINITE_RECURSION = YES;
				CLANG_WARN_INT_CONVERSION = YES;
				CLANG_WARN_OBJC_ROOT_CLASS = YES_ERROR;
				CLANG_WARN_SUSPICIOUS_MOVE = YES;
				CLANG_WARN_UNREACHABLE_CODE = YES;
				CLANG_WARN__DUPLICATE_METHOD_MATCH = YES;
				"CODE_SIGN_IDENTITY[sdk=iphoneos*]" = "iPhone Developer";
				COPY_PHASE_STRIP = NO;
				DEBUG_INFORMATION_FORMAT = dwarf;
				ENABLE_STRICT_OBJC_MSGSEND = YES;
				ENABLE_TESTABILITY = YES;
				GCC_C_LANGUAGE_STANDARD = gnu99;
				GCC_DYNAMIC_NO_PIC = NO;
				GCC_NO_COMMON_BLOCKS = YES;
				GCC_OPTIMIZATION_LEVEL = 0;
				GCC_PREPROCESSOR_DEFINITIONS = (
					"DEBUG=1",
					"$(inherited)",
				);
				GCC_WARN_64_TO_32_BIT_CONVERSION = YES;
				GCC_WARN_ABOUT_RETURN_TYPE = YES_ERROR;
				GCC_WARN_UNDECLARED_SELECTOR = YES;
				GCC_WARN_UNINITIALIZED_AUTOS = YES_AGGRESSIVE;
				GCC_WARN_UNUSED_FUNCTION = YES;
				GCC_WARN_UNUSED_VARIABLE = YES;
				IPHONEOS_DEPLOYMENT_TARGET = 9.2;
				MTL_ENABLE_DEBUG_INFO = YES;
				ONLY_ACTIVE_ARCH = YES;
				SDKROOT = iphoneos;
			};
			name = Debug;
		};
		F3067D601E94CB390017CA13 /* Release */ = {
			isa = XCBuildConfiguration;
			buildSettings = {
				ALWAYS_SEARCH_USER_PATHS = NO;
				CLANG_CXX_LANGUAGE_STANDARD = "gnu++0x";
				CLANG_CXX_LIBRARY = "libc++";
				CLANG_ENABLE_MODULES = YES;
				CLANG_ENABLE_OBJC_ARC = YES;
				CLANG_WARN_BOOL_CONVERSION = YES;
				CLANG_WARN_CONSTANT_CONVERSION = YES;
				CLANG_WARN_DIRECT_OBJC_ISA_USAGE = YES_ERROR;
				CLANG_WARN_EMPTY_BODY = YES;
				CLANG_WARN_ENUM_CONVERSION = YES;
				CLANG_WARN_INFINITE_RECURSION = YES;
				CLANG_WARN_INT_CONVERSION = YES;
				CLANG_WARN_OBJC_ROOT_CLASS = YES_ERROR;
				CLANG_WARN_SUSPICIOUS_MOVE = YES;
				CLANG_WARN_UNREACHABLE_CODE = YES;
				CLANG_WARN__DUPLICATE_METHOD_MATCH = YES;
				"CODE_SIGN_IDENTITY[sdk=iphoneos*]" = "iPhone Developer";
				COPY_PHASE_STRIP = NO;
				DEBUG_INFORMATION_FORMAT = "dwarf-with-dsym";
				ENABLE_NS_ASSERTIONS = NO;
				ENABLE_STRICT_OBJC_MSGSEND = YES;
				GCC_C_LANGUAGE_STANDARD = gnu99;
				GCC_NO_COMMON_BLOCKS = YES;
				GCC_WARN_64_TO_32_BIT_CONVERSION = YES;
				GCC_WARN_ABOUT_RETURN_TYPE = YES_ERROR;
				GCC_WARN_UNDECLARED_SELECTOR = YES;
				GCC_WARN_UNINITIALIZED_AUTOS = YES_AGGRESSIVE;
				GCC_WARN_UNUSED_FUNCTION = YES;
				GCC_WARN_UNUSED_VARIABLE = YES;
				IPHONEOS_DEPLOYMENT_TARGET = 9.2;
				MTL_ENABLE_DEBUG_INFO = NO;
				SDKROOT = iphoneos;
				VALIDATE_PRODUCT = YES;
			};
			name = Release;
		};
		F3067D621E94CB390017CA13 /* Debug */ = {
			isa = XCBuildConfiguration;
			baseConfigurationReference = AFA625441982A5489E1DCAAB /* Pods-MobliePlayer.debug.xcconfig */;
			buildSettings = {
				ASSETCATALOG_COMPILER_APPICON_NAME = AppIcon;
				CLANG_CXX_LIBRARY = "compiler-default";
				CODE_SIGN_IDENTITY = "iPhone Developer";
				ENABLE_BITCODE = NO;
				INFOPLIST_FILE = MobliePlayer/Info.plist;
				IPHONEOS_DEPLOYMENT_TARGET = 8.0;
				LD_RUNPATH_SEARCH_PATHS = "$(inherited) @executable_path/Frameworks";
				PRODUCT_BUNDLE_IDENTIFIER = com.conglei.MobliePlayer;
				PRODUCT_NAME = "$(TARGET_NAME)";
			};
			name = Debug;
		};
		F3067D631E94CB390017CA13 /* Release */ = {
			isa = XCBuildConfiguration;
			baseConfigurationReference = 9B83535BAC1EC0F7807D5978 /* Pods-MobliePlayer.release.xcconfig */;
			buildSettings = {
				ASSETCATALOG_COMPILER_APPICON_NAME = AppIcon;
				CLANG_CXX_LIBRARY = "compiler-default";
				CODE_SIGN_IDENTITY = "iPhone Developer";
				ENABLE_BITCODE = NO;
				INFOPLIST_FILE = MobliePlayer/Info.plist;
				IPHONEOS_DEPLOYMENT_TARGET = 8.0;
				LD_RUNPATH_SEARCH_PATHS = "$(inherited) @executable_path/Frameworks";
				PRODUCT_BUNDLE_IDENTIFIER = com.conglei.MobliePlayer;
				PRODUCT_NAME = "$(TARGET_NAME)";
			};
			name = Release;
		};
/* End XCBuildConfiguration section */

/* Begin XCConfigurationList section */
		F3067D451E94CB390017CA13 /* Build configuration list for PBXProject "MobliePlayer" */ = {
			isa = XCConfigurationList;
			buildConfigurations = (
				F3067D5F1E94CB390017CA13 /* Debug */,
				F3067D601E94CB390017CA13 /* Release */,
			);
			defaultConfigurationIsVisible = 0;
			defaultConfigurationName = Release;
		};
		F3067D611E94CB390017CA13 /* Build configuration list for PBXNativeTarget "MobliePlayer" */ = {
			isa = XCConfigurationList;
			buildConfigurations = (
				F3067D621E94CB390017CA13 /* Debug */,
				F3067D631E94CB390017CA13 /* Release */,
			);
			defaultConfigurationIsVisible = 0;
			defaultConfigurationName = Release;
		};
/* End XCConfigurationList section */
	};
	rootObject = F3067D421E94CB390017CA13 /* Project object */;
}
